// !$*UTF8*$!
{
	archiveVersion = 1;
	classes = {
	};
	objectVersion = 56;
	objects = {

/* Begin PBXBuildFile section */
		367D40282A01EB7000156351 /* AppDelegate.swift in Sources */ = {isa = PBXBuildFile; fileRef = 367D40272A01EB7000156351 /* AppDelegate.swift */; };
		367D402A2A01EB7000156351 /* SceneDelegate.swift in Sources */ = {isa = PBXBuildFile; fileRef = 367D40292A01EB7000156351 /* SceneDelegate.swift */; };
		367D402F2A01EB7000156351 /* Main.storyboard in Resources */ = {isa = PBXBuildFile; fileRef = 367D402D2A01EB7000156351 /* Main.storyboard */; };
		367D40312A01EB7400156351 /* Assets.xcassets in Resources */ = {isa = PBXBuildFile; fileRef = 367D40302A01EB7400156351 /* Assets.xcassets */; };
		367D40342A01EB7400156351 /* LaunchScreen.storyboard in Resources */ = {isa = PBXBuildFile; fileRef = 367D40322A01EB7400156351 /* LaunchScreen.storyboard */; };
		367D403C2A01ECD200156351 /* MainTabBarVC.swift in Sources */ = {isa = PBXBuildFile; fileRef = 367D403B2A01ECD200156351 /* MainTabBarVC.swift */; };
		367D403E2A01EE8B00156351 /* BViewController.swift in Sources */ = {isa = PBXBuildFile; fileRef = 367D403D2A01EE8B00156351 /* BViewController.swift */; };
		367D40402A01F60600156351 /* Util.swift in Sources */ = {isa = PBXBuildFile; fileRef = 367D403F2A01F60600156351 /* Util.swift */; };
		EF6ED5CA2A0770EA004E2B96 /* Localizable.strings in Resources */ = {isa = PBXBuildFile; fileRef = EF6ED5C92A0770EA004E2B96 /* Localizable.strings */; };
		EF6ED5CC2A07732D004E2B96 /* Ex_String.swift in Sources */ = {isa = PBXBuildFile; fileRef = EF6ED5CB2A07732D004E2B96 /* Ex_String.swift */; };
/* End PBXBuildFile section */

/* Begin PBXFileReference section */
		367D40242A01EB7000156351 /* NSCFStringBridgeScratch.app */ = {isa = PBXFileReference; explicitFileType = wrapper.application; includeInIndex = 0; path = NSCFStringBridgeScratch.app; sourceTree = BUILT_PRODUCTS_DIR; };
		367D40272A01EB7000156351 /* AppDelegate.swift */ = {isa = PBXFileReference; lastKnownFileType = sourcecode.swift; path = AppDelegate.swift; sourceTree = "<group>"; };
		367D40292A01EB7000156351 /* SceneDelegate.swift */ = {isa = PBXFileReference; lastKnownFileType = sourcecode.swift; path = SceneDelegate.swift; sourceTree = "<group>"; };
		367D402E2A01EB7000156351 /* Base */ = {isa = PBXFileReference; lastKnownFileType = file.storyboard; name = Base; path = Base.lproj/Main.storyboard; sourceTree = "<group>"; };
		367D40302A01EB7400156351 /* Assets.xcassets */ = {isa = PBXFileReference; lastKnownFileType = folder.assetcatalog; path = Assets.xcassets; sourceTree = "<group>"; };
		367D40332A01EB7400156351 /* Base */ = {isa = PBXFileReference; lastKnownFileType = file.storyboard; name = Base; path = Base.lproj/LaunchScreen.storyboard; sourceTree = "<group>"; };
		367D40352A01EB7400156351 /* Info.plist */ = {isa = PBXFileReference; lastKnownFileType = text.plist.xml; path = Info.plist; sourceTree = "<group>"; };
		367D403B2A01ECD200156351 /* MainTabBarVC.swift */ = {isa = PBXFileReference; lastKnownFileType = sourcecode.swift; path = MainTabBarVC.swift; sourceTree = "<group>"; };
		367D403D2A01EE8B00156351 /* BViewController.swift */ = {isa = PBXFileReference; lastKnownFileType = sourcecode.swift; path = BViewController.swift; sourceTree = "<group>"; };
		367D403F2A01F60600156351 /* Util.swift */ = {isa = PBXFileReference; lastKnownFileType = sourcecode.swift; path = Util.swift; sourceTree = "<group>"; };
		EF6ED5C92A0770EA004E2B96 /* Localizable.strings */ = {isa = PBXFileReference; lastKnownFileType = text.plist.strings; path = Localizable.strings; sourceTree = "<group>"; };
		EF6ED5CB2A07732D004E2B96 /* Ex_String.swift */ = {isa = PBXFileReference; lastKnownFileType = sourcecode.swift; path = Ex_String.swift; sourceTree = "<group>"; };
/* End PBXFileReference section */

/* Begin PBXFrameworksBuildPhase section */
		367D40212A01EB7000156351 /* Frameworks */ = {
			isa = PBXFrameworksBuildPhase;
			buildActionMask = 2147483647;
			files = (
			);
			runOnlyForDeploymentPostprocessing = 0;
		};
/* End PBXFrameworksBuildPhase section */

/* Begin PBXGroup section */
		367D401B2A01EB7000156351 = {
			isa = PBXGroup;
			children = (
				367D40262A01EB7000156351 /* NSCFStringBridgeScratch */,
				367D40252A01EB7000156351 /* Products */,
			);
			sourceTree = "<group>";
		};
		367D40252A01EB7000156351 /* Products */ = {
			isa = PBXGroup;
			children = (
				367D40242A01EB7000156351 /* NSCFStringBridgeScratch.app */,
			);
			name = Products;
			sourceTree = "<group>";
		};
		367D40262A01EB7000156351 /* NSCFStringBridgeScratch */ = {
			isa = PBXGroup;
			children = (
				367D40272A01EB7000156351 /* AppDelegate.swift */,
				367D40292A01EB7000156351 /* SceneDelegate.swift */,
				367D403B2A01ECD200156351 /* MainTabBarVC.swift */,
				367D403D2A01EE8B00156351 /* BViewController.swift */,
				367D402D2A01EB7000156351 /* Main.storyboard */,
				367D40302A01EB7400156351 /* Assets.xcassets */,
				367D40322A01EB7400156351 /* LaunchScreen.storyboard */,
				367D40352A01EB7400156351 /* Info.plist */,
				367D403F2A01F60600156351 /* Util.swift */,
				EF6ED5C92A0770EA004E2B96 /* Localizable.strings */,
				EF6ED5CB2A07732D004E2B96 /* Ex_String.swift */,
			);
			path = NSCFStringBridgeScratch;
			sourceTree = "<group>";
		};
/* End PBXGroup section */

/* Begin PBXNativeTarget section */
		367D40232A01EB7000156351 /* NSCFStringBridgeScratch */ = {
			isa = PBXNativeTarget;
			buildConfigurationList = 367D40382A01EB7400156351 /* Build configuration list for PBXNativeTarget "NSCFStringBridgeScratch" */;
			buildPhases = (
				367D40202A01EB7000156351 /* Sources */,
				367D40212A01EB7000156351 /* Frameworks */,
				367D40222A01EB7000156351 /* Resources */,
			);
			buildRules = (
			);
			dependencies = (
			);
			name = NSCFStringBridgeScratch;
			productName = NSCFStringBridgeScratch;
			productReference = 367D40242A01EB7000156351 /* NSCFStringBridgeScratch.app */;
			productType = "com.apple.product-type.application";
		};
/* End PBXNativeTarget section */

/* Begin PBXProject section */
		367D401C2A01EB7000156351 /* Project object */ = {
			isa = PBXProject;
			attributes = {
				BuildIndependentTargetsInParallel = 1;
				LastSwiftUpdateCheck = 1410;
				LastUpgradeCheck = 1410;
				TargetAttributes = {
					367D40232A01EB7000156351 = {
						CreatedOnToolsVersion = 14.1;
					};
				};
			};
			buildConfigurationList = 367D401F2A01EB7000156351 /* Build configuration list for PBXProject "NSCFStringBridgeScratch" */;
			compatibilityVersion = "Xcode 14.0";
			developmentRegion = en;
			hasScannedForEncodings = 0;
			knownRegions = (
				en,
				Base,
			);
			mainGroup = 367D401B2A01EB7000156351;
			productRefGroup = 367D40252A01EB7000156351 /* Products */;
			projectDirPath = "";
			projectRoot = "";
			targets = (
				367D40232A01EB7000156351 /* NSCFStringBridgeScratch */,
			);
		};
/* End PBXProject section */

/* Begin PBXResourcesBuildPhase section */
		367D40222A01EB7000156351 /* Resources */ = {
			isa = PBXResourcesBuildPhase;
			buildActionMask = 2147483647;
			files = (
				367D40342A01EB7400156351 /* LaunchScreen.storyboard in Resources */,
				EF6ED5CA2A0770EA004E2B96 /* Localizable.strings in Resources */,
				367D40312A01EB7400156351 /* Assets.xcassets in Resources */,
				367D402F2A01EB7000156351 /* Main.storyboard in Resources */,
			);
			runOnlyForDeploymentPostprocessing = 0;
		};
/* End PBXResourcesBuildPhase section */

/* Begin PBXSourcesBuildPhase section */
		367D40202A01EB7000156351 /* Sources */ = {
			isa = PBXSourcesBuildPhase;
			buildActionMask = 2147483647;
			files = (
				367D40282A01EB7000156351 /* AppDelegate.swift in Sources */,
				367D403E2A01EE8B00156351 /* BViewController.swift in Sources */,
				367D40402A01F60600156351 /* Util.swift in Sources */,
				367D402A2A01EB7000156351 /* SceneDelegate.swift in Sources */,
				367D403C2A01ECD200156351 /* MainTabBarVC.swift in Sources */,
				EF6ED5CC2A07732D004E2B96 /* Ex_String.swift in Sources */,
			);
			runOnlyForDeploymentPostprocessing = 0;
		};
/* End PBXSourcesBuildPhase section */

/* Begin PBXVariantGroup section */
		367D402D2A01EB7000156351 /* Main.storyboard */ = {
			isa = PBXVariantGroup;
			children = (
				367D402E2A01EB7000156351 /* Base */,
			);
			name = Main.storyboard;
			sourceTree = "<group>";
		};
		367D40322A01EB7400156351 /* LaunchScreen.storyboard */ = {
			isa = PBXVariantGroup;
			children = (
				367D40332A01EB7400156351 /* Base */,
			);
			name = LaunchScreen.storyboard;
			sourceTree = "<group>";
		};
/* End PBXVariantGroup section */

/* Begin XCBuildConfiguration section */
		367D40362A01EB7400156351 /* Debug */ = {
			isa = XCBuildConfiguration;
			buildSettings = {
				ALWAYS_SEARCH_USER_PATHS = NO;
				CLANG_ANALYZER_NONNULL = YES;
				CLANG_ANALYZER_NUMBER_OBJECT_CONVERSION = YES_AGGRESSIVE;
				CLANG_CXX_LANGUAGE_STANDARD = "gnu++20";
				CLANG_ENABLE_MODULES = YES;
				CLANG_ENABLE_OBJC_ARC = YES;
				CLANG_ENABLE_OBJC_WEAK = YES;
				CLANG_WARN_BLOCK_CAPTURE_AUTORELEASING = YES;
				CLANG_WARN_BOOL_CONVERSION = YES;
				CLANG_WARN_COMMA = YES;
				CLANG_WARN_CONSTANT_CONVERSION = YES;
				CLANG_WARN_DEPRECATED_OBJC_IMPLEMENTATIONS = YES;
				CLANG_WARN_DIRECT_OBJC_ISA_USAGE = YES_ERROR;
				CLANG_WARN_DOCUMENTATION_COMMENTS = YES;
				CLANG_WARN_EMPTY_BODY = YES;
				CLANG_WARN_ENUM_CONVERSION = YES;
				CLANG_WARN_INFINITE_RECURSION = YES;
				CLANG_WARN_INT_CONVERSION = YES;
				CLANG_WARN_NON_LITERAL_NULL_CONVERSION = YES;
				CLANG_WARN_OBJC_IMPLICIT_RETAIN_SELF = YES;
				CLANG_WARN_OBJC_LITERAL_CONVERSION = YES;
				CLANG_WARN_OBJC_ROOT_CLASS = YES_ERROR;
				CLANG_WARN_QUOTED_INCLUDE_IN_FRAMEWORK_HEADER = YES;
				CLANG_WARN_RANGE_LOOP_ANALYSIS = YES;
				CLANG_WARN_STRICT_PROTOTYPES = YES;
				CLANG_WARN_SUSPICIOUS_MOVE = YES;
				CLANG_WARN_UNGUARDED_AVAILABILITY = YES_AGGRESSIVE;
				CLANG_WARN_UNREACHABLE_CODE = YES;
				CLANG_WARN__DUPLICATE_METHOD_MATCH = YES;
				COPY_PHASE_STRIP = NO;
				DEBUG_INFORMATION_FORMAT = dwarf;
				ENABLE_STRICT_OBJC_MSGSEND = YES;
				ENABLE_TESTABILITY = YES;
				GCC_C_LANGUAGE_STANDARD = gnu11;
				GCC_DYNAMIC_NO_PIC = NO;
				GCC_NO_COMMON_BLOCKS = YES;
				GCC_OPTIMIZATION_LEVEL = 0;
				GCC_PREPROCESSOR_DEFINITIONS = (
					"DEBUG=1",
					"$(inherited)",
				);
				GCC_WARN_64_TO_32_BIT_CONVERSION = YES;
				GCC_WARN_ABOUT_RETURN_TYPE = YES_ERROR;
				GCC_WARN_UNDECLARED_SELECTOR = YES;
				GCC_WARN_UNINITIALIZED_AUTOS = YES_AGGRESSIVE;
				GCC_WARN_UNUSED_FUNCTION = YES;
				GCC_WARN_UNUSED_VARIABLE = YES;
				IPHONEOS_DEPLOYMENT_TARGET = 16.1;
				MTL_ENABLE_DEBUG_INFO = INCLUDE_SOURCE;
				MTL_FAST_MATH = YES;
				ONLY_ACTIVE_ARCH = YES;
				SDKROOT = iphoneos;
				SWIFT_ACTIVE_COMPILATION_CONDITIONS = DEBUG;
				SWIFT_OPTIMIZATION_LEVEL = "-Onone";
			};
			name = Debug;
		};
		367D40372A01EB7400156351 /* Release */ = {
			isa = XCBuildConfiguration;
			buildSettings = {
				ALWAYS_SEARCH_USER_PATHS = NO;
				CLANG_ANALYZER_NONNULL = YES;
				CLANG_ANALYZER_NUMBER_OBJECT_CONVERSION = YES_AGGRESSIVE;
				CLANG_CXX_LANGUAGE_STANDARD = "gnu++20";
				CLANG_ENABLE_MODULES = YES;
				CLANG_ENABLE_OBJC_ARC = YES;
				CLANG_ENABLE_OBJC_WEAK = YES;
				CLANG_WARN_BLOCK_CAPTURE_AUTORELEASING = YES;
				CLANG_WARN_BOOL_CONVERSION = YES;
				CLANG_WARN_COMMA = YES;
				CLANG_WARN_CONSTANT_CONVERSION = YES;
				CLANG_WARN_DEPRECATED_OBJC_IMPLEMENTATIONS = YES;
				CLANG_WARN_DIRECT_OBJC_ISA_USAGE = YES_ERROR;
				CLANG_WARN_DOCUMENTATION_COMMENTS = YES;
				CLANG_WARN_EMPTY_BODY = YES;
				CLANG_WARN_ENUM_CONVERSION = YES;
				CLANG_WARN_INFINITE_RECURSION = YES;
				CLANG_WARN_INT_CONVERSION = YES;
				CLANG_WARN_NON_LITERAL_NULL_CONVERSION = YES;
				CLANG_WARN_OBJC_IMPLICIT_RETAIN_SELF = YES;
				CLANG_WARN_OBJC_LITERAL_CONVERSION = YES;
				CLANG_WARN_OBJC_ROOT_CLASS = YES_ERROR;
				CLANG_WARN_QUOTED_INCLUDE_IN_FRAMEWORK_HEADER = YES;
				CLANG_WARN_RANGE_LOOP_ANALYSIS = YES;
				CLANG_WARN_STRICT_PROTOTYPES = YES;
				CLANG_WARN_SUSPICIOUS_MOVE = YES;
				CLANG_WARN_UNGUARDED_AVAILABILITY = YES_AGGRESSIVE;
				CLANG_WARN_UNREACHABLE_CODE = YES;
				CLANG_WARN__DUPLICATE_METHOD_MATCH = YES;
				COPY_PHASE_STRIP = NO;
				DEBUG_INFORMATION_FORMAT = "dwarf-with-dsym";
				ENABLE_NS_ASSERTIONS = NO;
				ENABLE_STRICT_OBJC_MSGSEND = YES;
				GCC_C_LANGUAGE_STANDARD = gnu11;
				GCC_NO_COMMON_BLOCKS = YES;
				GCC_WARN_64_TO_32_BIT_CONVERSION = YES;
				GCC_WARN_ABOUT_RETURN_TYPE = YES_ERROR;
				GCC_WARN_UNDECLARED_SELECTOR = YES;
				GCC_WARN_UNINITIALIZED_AUTOS = YES_AGGRESSIVE;
				GCC_WARN_UNUSED_FUNCTION = YES;
				GCC_WARN_UNUSED_VARIABLE = YES;
				IPHONEOS_DEPLOYMENT_TARGET = 16.1;
				MTL_ENABLE_DEBUG_INFO = NO;
				MTL_FAST_MATH = YES;
				SDKROOT = iphoneos;
				SWIFT_COMPILATION_MODE = wholemodule;
				SWIFT_OPTIMIZATION_LEVEL = "-O";
				VALIDATE_PRODUCT = YES;
			};
			name = Release;
		};
		367D40392A01EB7400156351 /* Debug */ = {
			isa = XCBuildConfiguration;
			buildSettings = {
				ASSETCATALOG_COMPILER_APPICON_NAME = AppIcon;
				ASSETCATALOG_COMPILER_GLOBAL_ACCENT_COLOR_NAME = AccentColor;
				CODE_SIGN_STYLE = Automatic;
				CURRENT_PROJECT_VERSION = 1;
				GENERATE_INFOPLIST_FILE = YES;
				INFOPLIST_FILE = NSCFStringBridgeScratch/Info.plist;
				INFOPLIST_KEY_UIApplicationSupportsIndirectInputEvents = YES;
				INFOPLIST_KEY_UILaunchStoryboardName = LaunchScreen;
				INFOPLIST_KEY_UIMainStoryboardFile = Main;
				INFOPLIST_KEY_UISupportedInterfaceOrientations_iPad = "UIInterfaceOrientationPortrait UIInterfaceOrientationPortraitUpsideDown UIInterfaceOrientationLandscapeLeft UIInterfaceOrientationLandscapeRight";
				INFOPLIST_KEY_UISupportedInterfaceOrientations_iPhone = "UIInterfaceOrientationPortrait UIInterfaceOrientationLandscapeLeft UIInterfaceOrientationLandscapeRight";
				LD_RUNPATH_SEARCH_PATHS = (
					"$(inherited)",
					"@executable_path/Frameworks",
				);
				MARKETING_VERSION = 1.0;
				PRODUCT_BUNDLE_IDENTIFIER = com..NSCFStringBridgeScratch;
				PRODUCT_NAME = "$(TARGET_NAME)";
				SWIFT_EMIT_LOC_STRINGS = YES;
				SWIFT_VERSION = 5.0;
				TARGETED_DEVICE_FAMILY = "1,2";
			};
			name = Debug;
		};
		367D403A2A01EB7400156351 /* Release */ = {
			isa = XCBuildConfiguration;
			buildSettings = {
				ASSETCATALOG_COMPILER_APPICON_NAME = AppIcon;
				ASSETCATALOG_COMPILER_GLOBAL_ACCENT_COLOR_NAME = AccentColor;
				CODE_SIGN_STYLE = Automatic;
				CURRENT_PROJECT_VERSION = 1;
				GENERATE_INFOPLIST_FILE = YES;
				INFOPLIST_FILE = NSCFStringBridgeScratch/Info.plist;
				INFOPLIST_KEY_UIApplicationSupportsIndirectInputEvents = YES;
				INFOPLIST_KEY_UILaunchStoryboardName = LaunchScreen;
				INFOPLIST_KEY_UIMainStoryboardFile = Main;
				INFOPLIST_KEY_UISupportedInterfaceOrientations_iPad = "UIInterfaceOrientationPortrait UIInterfaceOrientationPortraitUpsideDown UIInterfaceOrientationLandscapeLeft UIInterfaceOrientationLandscapeRight";
				INFOPLIST_KEY_UISupportedInterfaceOrientations_iPhone = "UIInterfaceOrientationPortrait UIInterfaceOrientationLandscapeLeft UIInterfaceOrientationLandscapeRight";
				LD_RUNPATH_SEARCH_PATHS = (
					"$(inherited)",
					"@executable_path/Frameworks",
				);
				MARKETING_VERSION = 1.0;
				PRODUCT_BUNDLE_IDENTIFIER = com..NSCFStringBridgeScratch;
				PRODUCT_NAME = "$(TARGET_NAME)";
				SWIFT_EMIT_LOC_STRINGS = YES;
				SWIFT_VERSION = 5.0;
				TARGETED_DEVICE_FAMILY = "1,2";
			};
			name = Release;
		};
/* End XCBuildConfiguration section */

/* Begin XCConfigurationList section */
		367D401F2A01EB7000156351 /* Build configuration list for PBXProject "NSCFStringBridgeScratch" */ = {
			isa = XCConfigurationList;
			buildConfigurations = (
				367D40362A01EB7400156351 /* Debug */,
				367D40372A01EB7400156351 /* Release */,
			);
			defaultConfigurationIsVisible = 0;
			defaultConfigurationName = Release;
		};
		367D40382A01EB7400156351 /* Build configuration list for PBXNativeTarget "NSCFStringBridgeScratch" */ = {
			isa = XCConfigurationList;
			buildConfigurations = (
				367D40392A01EB7400156351 /* Debug */,
				367D403A2A01EB7400156351 /* Release */,
			);
			defaultConfigurationIsVisible = 0;
			defaultConfigurationName = Release;
		};
/* End XCConfigurationList section */
	};
	rootObject = 367D401C2A01EB7000156351 /* Project object */;
}
