// !$*UTF8*$!
{
	archiveVersion = 1;
	classes = {
	};
	objectVersion = 55;
	objects = {

/* Begin PBXBuildFile section */
		367D4E1F296FDD63002C9C09 /* AssetMenuGridView.swift in Sources */ = {isa = PBXBuildFile; fileRef = 367D4E1E296FDD63002C9C09 /* AssetMenuGridView.swift */; };
		36AA4B0628EEB7B0004C4EE4 /* swiftUI.docc in Sources */ = {isa = PBXBuildFile; fileRef = 36AA4B0528EEB7B0004C4EE4 /* swiftUI.docc */; };
		36D6240628C6D7200062BB7E /* QRCodeReaderView.swift in Sources */ = {isa = PBXBuildFile; fileRef = 36D6240528C6D7200062BB7E /* QRCodeReaderView.swift */; };
		36DD82B428C5BFA200622DE5 /* AppTabNavigation.swift in Sources */ = {isa = PBXBuildFile; fileRef = 36DD82B328C5BFA200622DE5 /* AppTabNavigation.swift */; };
		36DD82B628C5C02900622DE5 /* ExampleView.swift in Sources */ = {isa = PBXBuildFile; fileRef = 36DD82B528C5C02900622DE5 /* ExampleView.swift */; };
		6E7B7C26277AF33A00D68188 /* switfUIApp.swift in Sources */ = {isa = PBXBuildFile; fileRef = 6E7B7C25277AF33A00D68188 /* switfUIApp.swift */; };
		6E7B7C28277AF33A00D68188 /* ContentView.swift in Sources */ = {isa = PBXBuildFile; fileRef = 6E7B7C27277AF33A00D68188 /* ContentView.swift */; };
		6E7B7C2A277AF33E00D68188 /* Assets.xcassets in Resources */ = {isa = PBXBuildFile; fileRef = 6E7B7C29277AF33E00D68188 /* Assets.xcassets */; };
		6E7B7C2D277AF33E00D68188 /* Preview Assets.xcassets in Resources */ = {isa = PBXBuildFile; fileRef = 6E7B7C2C277AF33E00D68188 /* Preview Assets.xcassets */; };
		6E7B7C37277AF33E00D68188 /* switfUITests.swift in Sources */ = {isa = PBXBuildFile; fileRef = 6E7B7C36277AF33E00D68188 /* switfUITests.swift */; };
		6E7B7C41277AF33E00D68188 /* switfUIUITests.swift in Sources */ = {isa = PBXBuildFile; fileRef = 6E7B7C40277AF33E00D68188 /* switfUIUITests.swift */; };
		6E7B7C43277AF33E00D68188 /* switfUIUITestsLaunchTests.swift in Sources */ = {isa = PBXBuildFile; fileRef = 6E7B7C42277AF33E00D68188 /* switfUIUITestsLaunchTests.swift */; };
		B59C5E4A2B8325CB00E9583C /* OnTapGestureBlinkView.swift in Sources */ = {isa = PBXBuildFile; fileRef = B59C5E492B8325CB00E9583C /* OnTapGestureBlinkView.swift */; };
		B59C5E4C2B833A1900E9583C /* ButtonTouchEventView.swift in Sources */ = {isa = PBXBuildFile; fileRef = B59C5E4B2B833A1900E9583C /* ButtonTouchEventView.swift */; };
/* End PBXBuildFile section */

/* Begin PBXContainerItemProxy section */
		6E7B7C33277AF33E00D68188 /* PBXContainerItemProxy */ = {
			isa = PBXContainerItemProxy;
			containerPortal = 6E7B7C1A277AF33A00D68188 /* Project object */;
			proxyType = 1;
			remoteGlobalIDString = 6E7B7C21277AF33A00D68188;
			remoteInfo = switfUI;
		};
		6E7B7C3D277AF33E00D68188 /* PBXContainerItemProxy */ = {
			isa = PBXContainerItemProxy;
			containerPortal = 6E7B7C1A277AF33A00D68188 /* Project object */;
			proxyType = 1;
			remoteGlobalIDString = 6E7B7C21277AF33A00D68188;
			remoteInfo = switfUI;
		};
/* End PBXContainerItemProxy section */

/* Begin PBXFileReference section */
		367D4E1E296FDD63002C9C09 /* AssetMenuGridView.swift */ = {isa = PBXFileReference; lastKnownFileType = sourcecode.swift; path = AssetMenuGridView.swift; sourceTree = "<group>"; };
		36AA4B0528EEB7B0004C4EE4 /* swiftUI.docc */ = {isa = PBXFileReference; lastKnownFileType = folder.documentationcatalog; path = swiftUI.docc; sourceTree = "<group>"; };
		36D6240528C6D7200062BB7E /* QRCodeReaderView.swift */ = {isa = PBXFileReference; lastKnownFileType = sourcecode.swift; path = QRCodeReaderView.swift; sourceTree = "<group>"; };
		36DD82B328C5BFA200622DE5 /* AppTabNavigation.swift */ = {isa = PBXFileReference; lastKnownFileType = sourcecode.swift; path = AppTabNavigation.swift; sourceTree = "<group>"; };
		36DD82B528C5C02900622DE5 /* ExampleView.swift */ = {isa = PBXFileReference; lastKnownFileType = sourcecode.swift; path = ExampleView.swift; sourceTree = "<group>"; };
		6E7B7C22277AF33A00D68188 /* switfUI.app */ = {isa = PBXFileReference; explicitFileType = wrapper.application; includeInIndex = 0; path = switfUI.app; sourceTree = BUILT_PRODUCTS_DIR; };
		6E7B7C25277AF33A00D68188 /* switfUIApp.swift */ = {isa = PBXFileReference; lastKnownFileType = sourcecode.swift; path = switfUIApp.swift; sourceTree = "<group>"; };
		6E7B7C27277AF33A00D68188 /* ContentView.swift */ = {isa = PBXFileReference; lastKnownFileType = sourcecode.swift; path = ContentView.swift; sourceTree = "<group>"; };
		6E7B7C29277AF33E00D68188 /* Assets.xcassets */ = {isa = PBXFileReference; lastKnownFileType = folder.assetcatalog; path = Assets.xcassets; sourceTree = "<group>"; };
		6E7B7C2C277AF33E00D68188 /* Preview Assets.xcassets */ = {isa = PBXFileReference; lastKnownFileType = folder.assetcatalog; path = "Preview Assets.xcassets"; sourceTree = "<group>"; };
		6E7B7C32277AF33E00D68188 /* switfUITests.xctest */ = {isa = PBXFileReference; explicitFileType = wrapper.cfbundle; includeInIndex = 0; path = switfUITests.xctest; sourceTree = BUILT_PRODUCTS_DIR; };
		6E7B7C36277AF33E00D68188 /* switfUITests.swift */ = {isa = PBXFileReference; lastKnownFileType = sourcecode.swift; path = switfUITests.swift; sourceTree = "<group>"; };
		6E7B7C3C277AF33E00D68188 /* switfUIUITests.xctest */ = {isa = PBXFileReference; explicitFileType = wrapper.cfbundle; includeInIndex = 0; path = switfUIUITests.xctest; sourceTree = BUILT_PRODUCTS_DIR; };
		6E7B7C40277AF33E00D68188 /* switfUIUITests.swift */ = {isa = PBXFileReference; lastKnownFileType = sourcecode.swift; path = switfUIUITests.swift; sourceTree = "<group>"; };
		6E7B7C42277AF33E00D68188 /* switfUIUITestsLaunchTests.swift */ = {isa = PBXFileReference; lastKnownFileType = sourcecode.swift; path = switfUIUITestsLaunchTests.swift; sourceTree = "<group>"; };
		B59C5E492B8325CB00E9583C /* OnTapGestureBlinkView.swift */ = {isa = PBXFileReference; lastKnownFileType = sourcecode.swift; path = OnTapGestureBlinkView.swift; sourceTree = "<group>"; };
		B59C5E4B2B833A1900E9583C /* ButtonTouchEventView.swift */ = {isa = PBXFileReference; lastKnownFileType = sourcecode.swift; path = ButtonTouchEventView.swift; sourceTree = "<group>"; };
/* End PBXFileReference section */

/* Begin PBXFrameworksBuildPhase section */
		6E7B7C1F277AF33A00D68188 /* Frameworks */ = {
			isa = PBXFrameworksBuildPhase;
			buildActionMask = 2147483647;
			files = (
			);
			runOnlyForDeploymentPostprocessing = 0;
		};
		6E7B7C2F277AF33E00D68188 /* Frameworks */ = {
			isa = PBXFrameworksBuildPhase;
			buildActionMask = 2147483647;
			files = (
			);
			runOnlyForDeploymentPostprocessing = 0;
		};
		6E7B7C39277AF33E00D68188 /* Frameworks */ = {
			isa = PBXFrameworksBuildPhase;
			buildActionMask = 2147483647;
			files = (
			);
			runOnlyForDeploymentPostprocessing = 0;
		};
/* End PBXFrameworksBuildPhase section */

/* Begin PBXGroup section */
		6E7B7C19277AF33A00D68188 = {
			isa = PBXGroup;
			children = (
				6E7B7C24277AF33A00D68188 /* switfUI */,
				6E7B7C35277AF33E00D68188 /* switfUITests */,
				6E7B7C3F277AF33E00D68188 /* switfUIUITests */,
				6E7B7C23277AF33A00D68188 /* Products */,
			);
			sourceTree = "<group>";
		};
		6E7B7C23277AF33A00D68188 /* Products */ = {
			isa = PBXGroup;
			children = (
				6E7B7C22277AF33A00D68188 /* switfUI.app */,
				6E7B7C32277AF33E00D68188 /* switfUITests.xctest */,
				6E7B7C3C277AF33E00D68188 /* switfUIUITests.xctest */,
			);
			name = Products;
			sourceTree = "<group>";
		};
		6E7B7C24277AF33A00D68188 /* switfUI */ = {
			isa = PBXGroup;
			children = (
				6E7B7C25277AF33A00D68188 /* switfUIApp.swift */,
				6E7B7C27277AF33A00D68188 /* ContentView.swift */,
				6E7B7C29277AF33E00D68188 /* Assets.xcassets */,
				6E7B7C2B277AF33E00D68188 /* Preview Content */,
				36DD82B328C5BFA200622DE5 /* AppTabNavigation.swift */,
				36DD82B528C5C02900622DE5 /* ExampleView.swift */,
				367D4E1E296FDD63002C9C09 /* AssetMenuGridView.swift */,
				36D6240528C6D7200062BB7E /* QRCodeReaderView.swift */,
				36AA4B0528EEB7B0004C4EE4 /* swiftUI.docc */,
				B59C5E492B8325CB00E9583C /* OnTapGestureBlinkView.swift */,
				B59C5E4B2B833A1900E9583C /* ButtonTouchEventView.swift */,
			);
			path = switfUI;
			sourceTree = "<group>";
		};
		6E7B7C2B277AF33E00D68188 /* Preview Content */ = {
			isa = PBXGroup;
			children = (
				6E7B7C2C277AF33E00D68188 /* Preview Assets.xcassets */,
			);
			path = "Preview Content";
			sourceTree = "<group>";
		};
		6E7B7C35277AF33E00D68188 /* switfUITests */ = {
			isa = PBXGroup;
			children = (
				6E7B7C36277AF33E00D68188 /* switfUITests.swift */,
			);
			path = switfUITests;
			sourceTree = "<group>";
		};
		6E7B7C3F277AF33E00D68188 /* switfUIUITests */ = {
			isa = PBXGroup;
			children = (
				6E7B7C40277AF33E00D68188 /* switfUIUITests.swift */,
				6E7B7C42277AF33E00D68188 /* switfUIUITestsLaunchTests.swift */,
			);
			path = switfUIUITests;
			sourceTree = "<group>";
		};
/* End PBXGroup section */

/* Begin PBXNativeTarget section */
		6E7B7C21277AF33A00D68188 /* switfUI */ = {
			isa = PBXNativeTarget;
			buildConfigurationList = 6E7B7C46277AF33E00D68188 /* Build configuration list for PBXNativeTarget "switfUI" */;
			buildPhases = (
				6E7B7C1E277AF33A00D68188 /* Sources */,
				6E7B7C1F277AF33A00D68188 /* Frameworks */,
				6E7B7C20277AF33A00D68188 /* Resources */,
			);
			buildRules = (
			);
			dependencies = (
			);
			name = switfUI;
			productName = switfUI;
			productReference = 6E7B7C22277AF33A00D68188 /* switfUI.app */;
			productType = "com.apple.product-type.application";
		};
		6E7B7C31277AF33E00D68188 /* switfUITests */ = {
			isa = PBXNativeTarget;
			buildConfigurationList = 6E7B7C49277AF33E00D68188 /* Build configuration list for PBXNativeTarget "switfUITests" */;
			buildPhases = (
				6E7B7C2E277AF33E00D68188 /* Sources */,
				6E7B7C2F277AF33E00D68188 /* Frameworks */,
				6E7B7C30277AF33E00D68188 /* Resources */,
			);
			buildRules = (
			);
			dependencies = (
				6E7B7C34277AF33E00D68188 /* PBXTargetDependency */,
			);
			name = switfUITests;
			productName = switfUITests;
			productReference = 6E7B7C32277AF33E00D68188 /* switfUITests.xctest */;
			productType = "com.apple.product-type.bundle.unit-test";
		};
		6E7B7C3B277AF33E00D68188 /* switfUIUITests */ = {
			isa = PBXNativeTarget;
			buildConfigurationList = 6E7B7C4C277AF33E00D68188 /* Build configuration list for PBXNativeTarget "switfUIUITests" */;
			buildPhases = (
				6E7B7C38277AF33E00D68188 /* Sources */,
				6E7B7C39277AF33E00D68188 /* Frameworks */,
				6E7B7C3A277AF33E00D68188 /* Resources */,
			);
			buildRules = (
			);
			dependencies = (
				6E7B7C3E277AF33E00D68188 /* PBXTargetDependency */,
			);
			name = switfUIUITests;
			productName = switfUIUITests;
			productReference = 6E7B7C3C277AF33E00D68188 /* switfUIUITests.xctest */;
			productType = "com.apple.product-type.bundle.ui-testing";
		};
/* End PBXNativeTarget section */

/* Begin PBXProject section */
		6E7B7C1A277AF33A00D68188 /* Project object */ = {
			isa = PBXProject;
			attributes = {
				BuildIndependentTargetsInParallel = 1;
				LastSwiftUpdateCheck = 1310;
				LastUpgradeCheck = 1310;
				TargetAttributes = {
					6E7B7C21277AF33A00D68188 = {
						CreatedOnToolsVersion = 13.1;
					};
					6E7B7C31277AF33E00D68188 = {
						CreatedOnToolsVersion = 13.1;
						TestTargetID = 6E7B7C21277AF33A00D68188;
					};
					6E7B7C3B277AF33E00D68188 = {
						CreatedOnToolsVersion = 13.1;
						TestTargetID = 6E7B7C21277AF33A00D68188;
					};
				};
			};
			buildConfigurationList = 6E7B7C1D277AF33A00D68188 /* Build configuration list for PBXProject "switfUI" */;
			compatibilityVersion = "Xcode 13.0";
			developmentRegion = en;
			hasScannedForEncodings = 0;
			knownRegions = (
				en,
				Base,
			);
			mainGroup = 6E7B7C19277AF33A00D68188;
			productRefGroup = 6E7B7C23277AF33A00D68188 /* Products */;
			projectDirPath = "";
			projectRoot = "";
			targets = (
				6E7B7C21277AF33A00D68188 /* switfUI */,
				6E7B7C31277AF33E00D68188 /* switfUITests */,
				6E7B7C3B277AF33E00D68188 /* switfUIUITests */,
			);
		};
/* End PBXProject section */

/* Begin PBXResourcesBuildPhase section */
		6E7B7C20277AF33A00D68188 /* Resources */ = {
			isa = PBXResourcesBuildPhase;
			buildActionMask = 2147483647;
			files = (
				6E7B7C2D277AF33E00D68188 /* Preview Assets.xcassets in Resources */,
				6E7B7C2A277AF33E00D68188 /* Assets.xcassets in Resources */,
			);
			runOnlyForDeploymentPostprocessing = 0;
		};
		6E7B7C30277AF33E00D68188 /* Resources */ = {
			isa = PBXResourcesBuildPhase;
			buildActionMask = 2147483647;
			files = (
			);
			runOnlyForDeploymentPostprocessing = 0;
		};
		6E7B7C3A277AF33E00D68188 /* Resources */ = {
			isa = PBXResourcesBuildPhase;
			buildActionMask = 2147483647;
			files = (
			);
			runOnlyForDeploymentPostprocessing = 0;
		};
/* End PBXResourcesBuildPhase section */

/* Begin PBXSourcesBuildPhase section */
		6E7B7C1E277AF33A00D68188 /* Sources */ = {
			isa = PBXSourcesBuildPhase;
			buildActionMask = 2147483647;
			files = (
				6E7B7C28277AF33A00D68188 /* ContentView.swift in Sources */,
				6E7B7C26277AF33A00D68188 /* switfUIApp.swift in Sources */,
				B59C5E4A2B8325CB00E9583C /* OnTapGestureBlinkView.swift in Sources */,
				367D4E1F296FDD63002C9C09 /* AssetMenuGridView.swift in Sources */,
				36AA4B0628EEB7B0004C4EE4 /* swiftUI.docc in Sources */,
				36DD82B428C5BFA200622DE5 /* AppTabNavigation.swift in Sources */,
				36DD82B628C5C02900622DE5 /* ExampleView.swift in Sources */,
				36D6240628C6D7200062BB7E /* QRCodeReaderView.swift in Sources */,
				B59C5E4C2B833A1900E9583C /* ButtonTouchEventView.swift in Sources */,
			);
			runOnlyForDeploymentPostprocessing = 0;
		};
		6E7B7C2E277AF33E00D68188 /* Sources */ = {
			isa = PBXSourcesBuildPhase;
			buildActionMask = 2147483647;
			files = (
				6E7B7C37277AF33E00D68188 /* switfUITests.swift in Sources */,
			);
			runOnlyForDeploymentPostprocessing = 0;
		};
		6E7B7C38277AF33E00D68188 /* Sources */ = {
			isa = PBXSourcesBuildPhase;
			buildActionMask = 2147483647;
			files = (
				6E7B7C43277AF33E00D68188 /* switfUIUITestsLaunchTests.swift in Sources */,
				6E7B7C41277AF33E00D68188 /* switfUIUITests.swift in Sources */,
			);
			runOnlyForDeploymentPostprocessing = 0;
		};
/* End PBXSourcesBuildPhase section */

/* Begin PBXTargetDependency section */
		6E7B7C34277AF33E00D68188 /* PBXTargetDependency */ = {
			isa = PBXTargetDependency;
			target = 6E7B7C21277AF33A00D68188 /* switfUI */;
			targetProxy = 6E7B7C33277AF33E00D68188 /* PBXContainerItemProxy */;
		};
		6E7B7C3E277AF33E00D68188 /* PBXTargetDependency */ = {
			isa = PBXTargetDependency;
			target = 6E7B7C21277AF33A00D68188 /* switfUI */;
			targetProxy = 6E7B7C3D277AF33E00D68188 /* PBXContainerItemProxy */;
		};
/* End PBXTargetDependency section */

/* Begin XCBuildConfiguration section */
		6E7B7C44277AF33E00D68188 /* Debug */ = {
			isa = XCBuildConfiguration;
			buildSettings = {
				ALWAYS_SEARCH_USER_PATHS = NO;
				CLANG_ANALYZER_NONNULL = YES;
				CLANG_ANALYZER_NUMBER_OBJECT_CONVERSION = YES_AGGRESSIVE;
				CLANG_CXX_LANGUAGE_STANDARD = "gnu++17";
				CLANG_CXX_LIBRARY = "libc++";
				CLANG_ENABLE_MODULES = YES;
				CLANG_ENABLE_OBJC_ARC = YES;
				CLANG_ENABLE_OBJC_WEAK = YES;
				CLANG_WARN_BLOCK_CAPTURE_AUTORELEASING = YES;
				CLANG_WARN_BOOL_CONVERSION = YES;
				CLANG_WARN_COMMA = YES;
				CLANG_WARN_CONSTANT_CONVERSION = YES;
				CLANG_WARN_DEPRECATED_OBJC_IMPLEMENTATIONS = YES;
				CLANG_WARN_DIRECT_OBJC_ISA_USAGE = YES_ERROR;
				CLANG_WARN_DOCUMENTATION_COMMENTS = YES;
				CLANG_WARN_EMPTY_BODY = YES;
				CLANG_WARN_ENUM_CONVERSION = YES;
				CLANG_WARN_INFINITE_RECURSION = YES;
				CLANG_WARN_INT_CONVERSION = YES;
				CLANG_WARN_NON_LITERAL_NULL_CONVERSION = YES;
				CLANG_WARN_OBJC_IMPLICIT_RETAIN_SELF = YES;
				CLANG_WARN_OBJC_LITERAL_CONVERSION = YES;
				CLANG_WARN_OBJC_ROOT_CLASS = YES_ERROR;
				CLANG_WARN_QUOTED_INCLUDE_IN_FRAMEWORK_HEADER = YES;
				CLANG_WARN_RANGE_LOOP_ANALYSIS = YES;
				CLANG_WARN_STRICT_PROTOTYPES = YES;
				CLANG_WARN_SUSPICIOUS_MOVE = YES;
				CLANG_WARN_UNGUARDED_AVAILABILITY = YES_AGGRESSIVE;
				CLANG_WARN_UNREACHABLE_CODE = YES;
				CLANG_WARN__DUPLICATE_METHOD_MATCH = YES;
				COPY_PHASE_STRIP = NO;
				DEBUG_INFORMATION_FORMAT = dwarf;
				ENABLE_STRICT_OBJC_MSGSEND = YES;
				ENABLE_TESTABILITY = YES;
				GCC_C_LANGUAGE_STANDARD = gnu11;
				GCC_DYNAMIC_NO_PIC = NO;
				GCC_NO_COMMON_BLOCKS = YES;
				GCC_OPTIMIZATION_LEVEL = 0;
				GCC_PREPROCESSOR_DEFINITIONS = (
					"DEBUG=1",
					"$(inherited)",
				);
				GCC_WARN_64_TO_32_BIT_CONVERSION = YES;
				GCC_WARN_ABOUT_RETURN_TYPE = YES_ERROR;
				GCC_WARN_UNDECLARED_SELECTOR = YES;
				GCC_WARN_UNINITIALIZED_AUTOS = YES_AGGRESSIVE;
				GCC_WARN_UNUSED_FUNCTION = YES;
				GCC_WARN_UNUSED_VARIABLE = YES;
				IPHONEOS_DEPLOYMENT_TARGET = 15.0;
				MTL_ENABLE_DEBUG_INFO = INCLUDE_SOURCE;
				MTL_FAST_MATH = YES;
				ONLY_ACTIVE_ARCH = YES;
				SDKROOT = iphoneos;
				SWIFT_ACTIVE_COMPILATION_CONDITIONS = DEBUG;
				SWIFT_OPTIMIZATION_LEVEL = "-Onone";
			};
			name = Debug;
		};
		6E7B7C45277AF33E00D68188 /* Release */ = {
			isa = XCBuildConfiguration;
			buildSettings = {
				ALWAYS_SEARCH_USER_PATHS = NO;
				CLANG_ANALYZER_NONNULL = YES;
				CLANG_ANALYZER_NUMBER_OBJECT_CONVERSION = YES_AGGRESSIVE;
				CLANG_CXX_LANGUAGE_STANDARD = "gnu++17";
				CLANG_CXX_LIBRARY = "libc++";
				CLANG_ENABLE_MODULES = YES;
				CLANG_ENABLE_OBJC_ARC = YES;
				CLANG_ENABLE_OBJC_WEAK = YES;
				CLANG_WARN_BLOCK_CAPTURE_AUTORELEASING = YES;
				CLANG_WARN_BOOL_CONVERSION = YES;
				CLANG_WARN_COMMA = YES;
				CLANG_WARN_CONSTANT_CONVERSION = YES;
				CLANG_WARN_DEPRECATED_OBJC_IMPLEMENTATIONS = YES;
				CLANG_WARN_DIRECT_OBJC_ISA_USAGE = YES_ERROR;
				CLANG_WARN_DOCUMENTATION_COMMENTS = YES;
				CLANG_WARN_EMPTY_BODY = YES;
				CLANG_WARN_ENUM_CONVERSION = YES;
				CLANG_WARN_INFINITE_RECURSION = YES;
				CLANG_WARN_INT_CONVERSION = YES;
				CLANG_WARN_NON_LITERAL_NULL_CONVERSION = YES;
				CLANG_WARN_OBJC_IMPLICIT_RETAIN_SELF = YES;
				CLANG_WARN_OBJC_LITERAL_CONVERSION = YES;
				CLANG_WARN_OBJC_ROOT_CLASS = YES_ERROR;
				CLANG_WARN_QUOTED_INCLUDE_IN_FRAMEWORK_HEADER = YES;
				CLANG_WARN_RANGE_LOOP_ANALYSIS = YES;
				CLANG_WARN_STRICT_PROTOTYPES = YES;
				CLANG_WARN_SUSPICIOUS_MOVE = YES;
				CLANG_WARN_UNGUARDED_AVAILABILITY = YES_AGGRESSIVE;
				CLANG_WARN_UNREACHABLE_CODE = YES;
				CLANG_WARN__DUPLICATE_METHOD_MATCH = YES;
				COPY_PHASE_STRIP = NO;
				DEBUG_INFORMATION_FORMAT = "dwarf-with-dsym";
				ENABLE_NS_ASSERTIONS = NO;
				ENABLE_STRICT_OBJC_MSGSEND = YES;
				GCC_C_LANGUAGE_STANDARD = gnu11;
				GCC_NO_COMMON_BLOCKS = YES;
				GCC_WARN_64_TO_32_BIT_CONVERSION = YES;
				GCC_WARN_ABOUT_RETURN_TYPE = YES_ERROR;
				GCC_WARN_UNDECLARED_SELECTOR = YES;
				GCC_WARN_UNINITIALIZED_AUTOS = YES_AGGRESSIVE;
				GCC_WARN_UNUSED_FUNCTION = YES;
				GCC_WARN_UNUSED_VARIABLE = YES;
				IPHONEOS_DEPLOYMENT_TARGET = 15.0;
				MTL_ENABLE_DEBUG_INFO = NO;
				MTL_FAST_MATH = YES;
				SDKROOT = iphoneos;
				SWIFT_COMPILATION_MODE = wholemodule;
				SWIFT_OPTIMIZATION_LEVEL = "-O";
				VALIDATE_PRODUCT = YES;
			};
			name = Release;
		};
		6E7B7C47277AF33E00D68188 /* Debug */ = {
			isa = XCBuildConfiguration;
			buildSettings = {
				ASSETCATALOG_COMPILER_APPICON_NAME = AppIcon;
				ASSETCATALOG_COMPILER_GLOBAL_ACCENT_COLOR_NAME = AccentColor;
				CODE_SIGN_STYLE = Automatic;
				CURRENT_PROJECT_VERSION = 1;
				DEVELOPMENT_ASSET_PATHS = "\"switfUI/Preview Content\"";
				DEVELOPMENT_TEAM = 5URVMMXQW6;
				ENABLE_PREVIEWS = YES;
				GENERATE_INFOPLIST_FILE = YES;
				INFOPLIST_KEY_NSCameraUsageDescription = "카메라 쓸거임";
				INFOPLIST_KEY_UIApplicationSceneManifest_Generation = YES;
				INFOPLIST_KEY_UIApplicationSupportsIndirectInputEvents = YES;
				INFOPLIST_KEY_UILaunchScreen_Generation = YES;
				INFOPLIST_KEY_UISupportedInterfaceOrientations_iPad = "UIInterfaceOrientationPortrait UIInterfaceOrientationPortraitUpsideDown UIInterfaceOrientationLandscapeLeft UIInterfaceOrientationLandscapeRight";
				INFOPLIST_KEY_UISupportedInterfaceOrientations_iPhone = "UIInterfaceOrientationPortrait UIInterfaceOrientationLandscapeLeft UIInterfaceOrientationLandscapeRight";
				IPHONEOS_DEPLOYMENT_TARGET = 17.0;
				LD_RUNPATH_SEARCH_PATHS = (
					"$(inherited)",
					"@executable_path/Frameworks",
				);
				MARKETING_VERSION = 1.0;
				PRODUCT_BUNDLE_IDENTIFIER = noname.switfUI;
				PRODUCT_NAME = "$(TARGET_NAME)";
				SWIFT_EMIT_LOC_STRINGS = YES;
				SWIFT_VERSION = 5.0;
				TARGETED_DEVICE_FAMILY = "1,2";
			};
			name = Debug;
		};
		6E7B7C48277AF33E00D68188 /* Release */ = {
			isa = XCBuildConfiguration;
			buildSettings = {
				ASSETCATALOG_COMPILER_APPICON_NAME = AppIcon;
				ASSETCATALOG_COMPILER_GLOBAL_ACCENT_COLOR_NAME = AccentColor;
				CODE_SIGN_STYLE = Automatic;
				CURRENT_PROJECT_VERSION = 1;
				DEVELOPMENT_ASSET_PATHS = "\"switfUI/Preview Content\"";
				DEVELOPMENT_TEAM = 5URVMMXQW6;
				ENABLE_PREVIEWS = YES;
				GENERATE_INFOPLIST_FILE = YES;
				INFOPLIST_KEY_NSCameraUsageDescription = "카메라 쓸거임";
				INFOPLIST_KEY_UIApplicationSceneManifest_Generation = YES;
				INFOPLIST_KEY_UIApplicationSupportsIndirectInputEvents = YES;
				INFOPLIST_KEY_UILaunchScreen_Generation = YES;
				INFOPLIST_KEY_UISupportedInterfaceOrientations_iPad = "UIInterfaceOrientationPortrait UIInterfaceOrientationPortraitUpsideDown UIInterfaceOrientationLandscapeLeft UIInterfaceOrientationLandscapeRight";
				INFOPLIST_KEY_UISupportedInterfaceOrientations_iPhone = "UIInterfaceOrientationPortrait UIInterfaceOrientationLandscapeLeft UIInterfaceOrientationLandscapeRight";
				IPHONEOS_DEPLOYMENT_TARGET = 17.0;
				LD_RUNPATH_SEARCH_PATHS = (
					"$(inherited)",
					"@executable_path/Frameworks",
				);
				MARKETING_VERSION = 1.0;
				PRODUCT_BUNDLE_IDENTIFIER = noname.switfUI;
				PRODUCT_NAME = "$(TARGET_NAME)";
				SWIFT_EMIT_LOC_STRINGS = YES;
				SWIFT_VERSION = 5.0;
				TARGETED_DEVICE_FAMILY = "1,2";
			};
			name = Release;
		};
		6E7B7C4A277AF33E00D68188 /* Debug */ = {
			isa = XCBuildConfiguration;
			buildSettings = {
				ALWAYS_EMBED_SWIFT_STANDARD_LIBRARIES = YES;
				BUNDLE_LOADER = "$(TEST_HOST)";
				CODE_SIGN_STYLE = Automatic;
				CURRENT_PROJECT_VERSION = 1;
				GENERATE_INFOPLIST_FILE = YES;
				IPHONEOS_DEPLOYMENT_TARGET = 15.0;
				LD_RUNPATH_SEARCH_PATHS = (
					"$(inherited)",
					"@executable_path/Frameworks",
					"@loader_path/Frameworks",
				);
				MARKETING_VERSION = 1.0;
				PRODUCT_BUNDLE_IDENTIFIER = noname.switfUITests;
				PRODUCT_NAME = "$(TARGET_NAME)";
				SWIFT_EMIT_LOC_STRINGS = NO;
				SWIFT_VERSION = 5.0;
				TARGETED_DEVICE_FAMILY = "1,2";
				TEST_HOST = "$(BUILT_PRODUCTS_DIR)/switfUI.app/switfUI";
			};
			name = Debug;
		};
		6E7B7C4B277AF33E00D68188 /* Release */ = {
			isa = XCBuildConfiguration;
			buildSettings = {
				ALWAYS_EMBED_SWIFT_STANDARD_LIBRARIES = YES;
				BUNDLE_LOADER = "$(TEST_HOST)";
				CODE_SIGN_STYLE = Automatic;
				CURRENT_PROJECT_VERSION = 1;
				GENERATE_INFOPLIST_FILE = YES;
				IPHONEOS_DEPLOYMENT_TARGET = 15.0;
				LD_RUNPATH_SEARCH_PATHS = (
					"$(inherited)",
					"@executable_path/Frameworks",
					"@loader_path/Frameworks",
				);
				MARKETING_VERSION = 1.0;
				PRODUCT_BUNDLE_IDENTIFIER = noname.switfUITests;
				PRODUCT_NAME = "$(TARGET_NAME)";
				SWIFT_EMIT_LOC_STRINGS = NO;
				SWIFT_VERSION = 5.0;
				TARGETED_DEVICE_FAMILY = "1,2";
				TEST_HOST = "$(BUILT_PRODUCTS_DIR)/switfUI.app/switfUI";
			};
			name = Release;
		};
		6E7B7C4D277AF33E00D68188 /* Debug */ = {
			isa = XCBuildConfiguration;
			buildSettings = {
				ALWAYS_EMBED_SWIFT_STANDARD_LIBRARIES = YES;
				CODE_SIGN_STYLE = Automatic;
				CURRENT_PROJECT_VERSION = 1;
				GENERATE_INFOPLIST_FILE = YES;
				LD_RUNPATH_SEARCH_PATHS = (
					"$(inherited)",
					"@executable_path/Frameworks",
					"@loader_path/Frameworks",
				);
				MARKETING_VERSION = 1.0;
				PRODUCT_BUNDLE_IDENTIFIER = noname.switfUIUITests;
				PRODUCT_NAME = "$(TARGET_NAME)";
				SWIFT_EMIT_LOC_STRINGS = NO;
				SWIFT_VERSION = 5.0;
				TARGETED_DEVICE_FAMILY = "1,2";
				TEST_TARGET_NAME = switfUI;
			};
			name = Debug;
		};
		6E7B7C4E277AF33E00D68188 /* Release */ = {
			isa = XCBuildConfiguration;
			buildSettings = {
				ALWAYS_EMBED_SWIFT_STANDARD_LIBRARIES = YES;
				CODE_SIGN_STYLE = Automatic;
				CURRENT_PROJECT_VERSION = 1;
				GENERATE_INFOPLIST_FILE = YES;
				LD_RUNPATH_SEARCH_PATHS = (
					"$(inherited)",
					"@executable_path/Frameworks",
					"@loader_path/Frameworks",
				);
				MARKETING_VERSION = 1.0;
				PRODUCT_BUNDLE_IDENTIFIER = noname.switfUIUITests;
				PRODUCT_NAME = "$(TARGET_NAME)";
				SWIFT_EMIT_LOC_STRINGS = NO;
				SWIFT_VERSION = 5.0;
				TARGETED_DEVICE_FAMILY = "1,2";
				TEST_TARGET_NAME = switfUI;
			};
			name = Release;
		};
/* End XCBuildConfiguration section */

/* Begin XCConfigurationList section */
		6E7B7C1D277AF33A00D68188 /* Build configuration list for PBXProject "switfUI" */ = {
			isa = XCConfigurationList;
			buildConfigurations = (
				6E7B7C44277AF33E00D68188 /* Debug */,
				6E7B7C45277AF33E00D68188 /* Release */,
			);
			defaultConfigurationIsVisible = 0;
			defaultConfigurationName = Release;
		};
		6E7B7C46277AF33E00D68188 /* Build configuration list for PBXNativeTarget "switfUI" */ = {
			isa = XCConfigurationList;
			buildConfigurations = (
				6E7B7C47277AF33E00D68188 /* Debug */,
				6E7B7C48277AF33E00D68188 /* Release */,
			);
			defaultConfigurationIsVisible = 0;
			defaultConfigurationName = Release;
		};
		6E7B7C49277AF33E00D68188 /* Build configuration list for PBXNativeTarget "switfUITests" */ = {
			isa = XCConfigurationList;
			buildConfigurations = (
				6E7B7C4A277AF33E00D68188 /* Debug */,
				6E7B7C4B277AF33E00D68188 /* Release */,
			);
			defaultConfigurationIsVisible = 0;
			defaultConfigurationName = Release;
		};
		6E7B7C4C277AF33E00D68188 /* Build configuration list for PBXNativeTarget "switfUIUITests" */ = {
			isa = XCConfigurationList;
			buildConfigurations = (
				6E7B7C4D277AF33E00D68188 /* Debug */,
				6E7B7C4E277AF33E00D68188 /* Release */,
			);
			defaultConfigurationIsVisible = 0;
			defaultConfigurationName = Release;
		};
/* End XCConfigurationList section */
	};
	rootObject = 6E7B7C1A277AF33A00D68188 /* Project object */;
}
