// !$*UTF8*$!
{
	archiveVersion = 1;
	classes = {
	};
	objectVersion = 77;
	objects = {

/* Begin PBXBuildFile section */
		B5E3C0B72DD751CF000622FD /* ContentView.swift in Sources */ = {isa = PBXBuildFile; fileRef = B5E3C0B42DD751CF000622FD /* ContentView.swift */; };
		B5E3C0B82DD751CF000622FD /* ExMessageSniffingApp.swift in Sources */ = {isa = PBXBuildFile; fileRef = B5E3C0B52DD751CF000622FD /* ExMessageSniffingApp.swift */; };
		B5E3C0B92DD751CF000622FD /* Preview Assets.xcassets in Resources */ = {isa = PBXBuildFile; fileRef = B5E3C0B12DD751CF000622FD /* Preview Assets.xcassets */; };
		B5E3C0BA2DD751CF000622FD /* Assets.xcassets in Resources */ = {isa = PBXBuildFile; fileRef = B5E3C0B32DD751CF000622FD /* Assets.xcassets */; };
		B5E3C0C82DD7798A000622FD /* MessageFilter.appex in Embed Foundation Extensions */ = {isa = PBXBuildFile; fileRef = B5E3C0C12DD7798A000622FD /* MessageFilter.appex */; settings = {ATTRIBUTES = (RemoveHeadersOnCopy, ); }; };
		B5E3C0D22DD77995000622FD /* MessageFilterExtension.swift in Sources */ = {isa = PBXBuildFile; fileRef = B5E3C0CF2DD77995000622FD /* MessageFilterExtension.swift */; };
		B5E3C0D52DD78764000622FD /* MessageModel.xcdatamodeld in Sources */ = {isa = PBXBuildFile; fileRef = B5E3C0D32DD78764000622FD /* MessageModel.xcdatamodeld */; };
		B5E3C0D72DD78773000622FD /* PersistenceController.swift in Sources */ = {isa = PBXBuildFile; fileRef = B5E3C0D62DD78773000622FD /* PersistenceController.swift */; };
		B5E3C0DB2DD78AD3000622FD /* MessageListViewModel.swift in Sources */ = {isa = PBXBuildFile; fileRef = B5E3C0DA2DD78AD3000622FD /* MessageListViewModel.swift */; };
/* End PBXBuildFile section */

/* Begin PBXContainerItemProxy section */
		B5E3C0C62DD7798A000622FD /* PBXContainerItemProxy */ = {
			isa = PBXContainerItemProxy;
			containerPortal = B5E3C0982DD751C8000622FD /* Project object */;
			proxyType = 1;
			remoteGlobalIDString = B5E3C0C02DD7798A000622FD;
			remoteInfo = MessageFilter;
		};
/* End PBXContainerItemProxy section */

/* Begin PBXCopyFilesBuildPhase section */
		B5E3C0CD2DD7798A000622FD /* Embed Foundation Extensions */ = {
			isa = PBXCopyFilesBuildPhase;
			buildActionMask = 2147483647;
			dstPath = "";
			dstSubfolderSpec = 13;
			files = (
				B5E3C0C82DD7798A000622FD /* MessageFilter.appex in Embed Foundation Extensions */,
			);
			name = "Embed Foundation Extensions";
			runOnlyForDeploymentPostprocessing = 0;
		};
/* End PBXCopyFilesBuildPhase section */

/* Begin PBXFileReference section */
		B5E3C0A02DD751C8000622FD /* ExMessageSniffing.app */ = {isa = PBXFileReference; explicitFileType = wrapper.application; includeInIndex = 0; path = ExMessageSniffing.app; sourceTree = BUILT_PRODUCTS_DIR; };
		B5E3C0B12DD751CF000622FD /* Preview Assets.xcassets */ = {isa = PBXFileReference; lastKnownFileType = folder.assetcatalog; path = "Preview Assets.xcassets"; sourceTree = "<group>"; };
		B5E3C0B32DD751CF000622FD /* Assets.xcassets */ = {isa = PBXFileReference; lastKnownFileType = folder.assetcatalog; path = Assets.xcassets; sourceTree = "<group>"; };
		B5E3C0B42DD751CF000622FD /* ContentView.swift */ = {isa = PBXFileReference; lastKnownFileType = sourcecode.swift; path = ContentView.swift; sourceTree = "<group>"; };
		B5E3C0B52DD751CF000622FD /* ExMessageSniffingApp.swift */ = {isa = PBXFileReference; lastKnownFileType = sourcecode.swift; path = ExMessageSniffingApp.swift; sourceTree = "<group>"; };
		B5E3C0C12DD7798A000622FD /* MessageFilter.appex */ = {isa = PBXFileReference; explicitFileType = "wrapper.app-extension"; includeInIndex = 0; path = MessageFilter.appex; sourceTree = BUILT_PRODUCTS_DIR; };
		B5E3C0CE2DD77995000622FD /* Info.plist */ = {isa = PBXFileReference; lastKnownFileType = text.plist.xml; path = Info.plist; sourceTree = "<group>"; };
		B5E3C0CF2DD77995000622FD /* MessageFilterExtension.swift */ = {isa = PBXFileReference; lastKnownFileType = sourcecode.swift; path = MessageFilterExtension.swift; sourceTree = "<group>"; };
		B5E3C0D42DD78764000622FD /* MessageModel.xcdatamodel */ = {isa = PBXFileReference; lastKnownFileType = wrapper.xcdatamodel; path = MessageModel.xcdatamodel; sourceTree = "<group>"; };
		B5E3C0D62DD78773000622FD /* PersistenceController.swift */ = {isa = PBXFileReference; lastKnownFileType = sourcecode.swift; path = PersistenceController.swift; sourceTree = "<group>"; };
		B5E3C0D82DD78872000622FD /* MessageFilter.entitlements */ = {isa = PBXFileReference; lastKnownFileType = text.plist.entitlements; path = MessageFilter.entitlements; sourceTree = "<group>"; };
		B5E3C0DA2DD78AD3000622FD /* MessageListViewModel.swift */ = {isa = PBXFileReference; lastKnownFileType = sourcecode.swift; path = MessageListViewModel.swift; sourceTree = "<group>"; };
/* End PBXFileReference section */

/* Begin PBXFrameworksBuildPhase section */
		B5E3C09D2DD751C8000622FD /* Frameworks */ = {
			isa = PBXFrameworksBuildPhase;
			buildActionMask = 2147483647;
			files = (
			);
			runOnlyForDeploymentPostprocessing = 0;
		};
		B5E3C0BE2DD7798A000622FD /* Frameworks */ = {
			isa = PBXFrameworksBuildPhase;
			buildActionMask = 2147483647;
			files = (
			);
			runOnlyForDeploymentPostprocessing = 0;
		};
/* End PBXFrameworksBuildPhase section */

/* Begin PBXGroup section */
		B5E3C0972DD751C8000622FD = {
			isa = PBXGroup;
			children = (
				B5E3C0B62DD751CF000622FD /* ExMessageSniffing */,
				B5E3C0D02DD77995000622FD /* MessageFilter */,
				B5E3C0A12DD751C8000622FD /* Products */,
			);
			sourceTree = "<group>";
		};
		B5E3C0A12DD751C8000622FD /* Products */ = {
			isa = PBXGroup;
			children = (
				B5E3C0A02DD751C8000622FD /* ExMessageSniffing.app */,
				B5E3C0C12DD7798A000622FD /* MessageFilter.appex */,
			);
			name = Products;
			sourceTree = "<group>";
		};
		B5E3C0B22DD751CF000622FD /* Preview Content */ = {
			isa = PBXGroup;
			children = (
				B5E3C0B12DD751CF000622FD /* Preview Assets.xcassets */,
			);
			path = "Preview Content";
			sourceTree = "<group>";
		};
		B5E3C0B62DD751CF000622FD /* ExMessageSniffing */ = {
			isa = PBXGroup;
			children = (
				B5E3C0D62DD78773000622FD /* PersistenceController.swift */,
				B5E3C0B22DD751CF000622FD /* Preview Content */,
				B5E3C0B32DD751CF000622FD /* Assets.xcassets */,
				B5E3C0B42DD751CF000622FD /* ContentView.swift */,
				B5E3C0DA2DD78AD3000622FD /* MessageListViewModel.swift */,
				B5E3C0B52DD751CF000622FD /* ExMessageSniffingApp.swift */,
				B5E3C0D32DD78764000622FD /* MessageModel.xcdatamodeld */,
			);
			path = ExMessageSniffing;
			sourceTree = "<group>";
		};
		B5E3C0D02DD77995000622FD /* MessageFilter */ = {
			isa = PBXGroup;
			children = (
				B5E3C0D82DD78872000622FD /* MessageFilter.entitlements */,
				B5E3C0CE2DD77995000622FD /* Info.plist */,
				B5E3C0CF2DD77995000622FD /* MessageFilterExtension.swift */,
			);
			path = MessageFilter;
			sourceTree = "<group>";
		};
/* End PBXGroup section */

/* Begin PBXNativeTarget section */
		B5E3C09F2DD751C8000622FD /* ExMessageSniffing */ = {
			isa = PBXNativeTarget;
			buildConfigurationList = B5E3C0AE2DD751CA000622FD /* Build configuration list for PBXNativeTarget "ExMessageSniffing" */;
			buildPhases = (
				B5E3C09C2DD751C8000622FD /* Sources */,
				B5E3C09D2DD751C8000622FD /* Frameworks */,
				B5E3C09E2DD751C8000622FD /* Resources */,
				B5E3C0CD2DD7798A000622FD /* Embed Foundation Extensions */,
			);
			buildRules = (
			);
			dependencies = (
				B5E3C0C72DD7798A000622FD /* PBXTargetDependency */,
			);
			name = ExMessageSniffing;
			packageProductDependencies = (
			);
			productName = ExMessageSniffing;
			productReference = B5E3C0A02DD751C8000622FD /* ExMessageSniffing.app */;
			productType = "com.apple.product-type.application";
		};
		B5E3C0C02DD7798A000622FD /* MessageFilter */ = {
			isa = PBXNativeTarget;
			buildConfigurationList = B5E3C0CA2DD7798A000622FD /* Build configuration list for PBXNativeTarget "MessageFilter" */;
			buildPhases = (
				B5E3C0BD2DD7798A000622FD /* Sources */,
				B5E3C0BE2DD7798A000622FD /* Frameworks */,
				B5E3C0BF2DD7798A000622FD /* Resources */,
			);
			buildRules = (
			);
			dependencies = (
			);
			name = MessageFilter;
			packageProductDependencies = (
			);
			productName = MessageFilter;
			productReference = B5E3C0C12DD7798A000622FD /* MessageFilter.appex */;
			productType = "com.apple.product-type.app-extension";
		};
/* End PBXNativeTarget section */

/* Begin PBXProject section */
		B5E3C0982DD751C8000622FD /* Project object */ = {
			isa = PBXProject;
			attributes = {
				BuildIndependentTargetsInParallel = 1;
				LastSwiftUpdateCheck = 1610;
				LastUpgradeCheck = 1610;
				TargetAttributes = {
					B5E3C09F2DD751C8000622FD = {
						CreatedOnToolsVersion = 16.1;
					};
					B5E3C0C02DD7798A000622FD = {
						CreatedOnToolsVersion = 16.1;
					};
				};
			};
			buildConfigurationList = B5E3C09B2DD751C8000622FD /* Build configuration list for PBXProject "ExMessageSniffing" */;
			developmentRegion = en;
			hasScannedForEncodings = 0;
			knownRegions = (
				en,
				Base,
			);
			mainGroup = B5E3C0972DD751C8000622FD;
			minimizedProjectReferenceProxies = 1;
			preferredProjectObjectVersion = 77;
			productRefGroup = B5E3C0A12DD751C8000622FD /* Products */;
			projectDirPath = "";
			projectRoot = "";
			targets = (
				B5E3C09F2DD751C8000622FD /* ExMessageSniffing */,
				B5E3C0C02DD7798A000622FD /* MessageFilter */,
			);
		};
/* End PBXProject section */

/* Begin PBXResourcesBuildPhase section */
		B5E3C09E2DD751C8000622FD /* Resources */ = {
			isa = PBXResourcesBuildPhase;
			buildActionMask = 2147483647;
			files = (
				B5E3C0B92DD751CF000622FD /* Preview Assets.xcassets in Resources */,
				B5E3C0BA2DD751CF000622FD /* Assets.xcassets in Resources */,
			);
			runOnlyForDeploymentPostprocessing = 0;
		};
		B5E3C0BF2DD7798A000622FD /* Resources */ = {
			isa = PBXResourcesBuildPhase;
			buildActionMask = 2147483647;
			files = (
			);
			runOnlyForDeploymentPostprocessing = 0;
		};
/* End PBXResourcesBuildPhase section */

/* Begin PBXSourcesBuildPhase section */
		B5E3C09C2DD751C8000622FD /* Sources */ = {
			isa = PBXSourcesBuildPhase;
			buildActionMask = 2147483647;
			files = (
				B5E3C0B72DD751CF000622FD /* ContentView.swift in Sources */,
				B5E3C0D52DD78764000622FD /* MessageModel.xcdatamodeld in Sources */,
				B5E3C0DB2DD78AD3000622FD /* MessageListViewModel.swift in Sources */,
				B5E3C0B82DD751CF000622FD /* ExMessageSniffingApp.swift in Sources */,
				B5E3C0D72DD78773000622FD /* PersistenceController.swift in Sources */,
			);
			runOnlyForDeploymentPostprocessing = 0;
		};
		B5E3C0BD2DD7798A000622FD /* Sources */ = {
			isa = PBXSourcesBuildPhase;
			buildActionMask = 2147483647;
			files = (
				B5E3C0D22DD77995000622FD /* MessageFilterExtension.swift in Sources */,
			);
			runOnlyForDeploymentPostprocessing = 0;
		};
/* End PBXSourcesBuildPhase section */

/* Begin PBXTargetDependency section */
		B5E3C0C72DD7798A000622FD /* PBXTargetDependency */ = {
			isa = PBXTargetDependency;
			target = B5E3C0C02DD7798A000622FD /* MessageFilter */;
			targetProxy = B5E3C0C62DD7798A000622FD /* PBXContainerItemProxy */;
		};
/* End PBXTargetDependency section */

/* Begin XCBuildConfiguration section */
		B5E3C0AC2DD751CA000622FD /* Debug */ = {
			isa = XCBuildConfiguration;
			buildSettings = {
				ALWAYS_SEARCH_USER_PATHS = NO;
				ASSETCATALOG_COMPILER_GENERATE_SWIFT_ASSET_SYMBOL_EXTENSIONS = YES;
				CLANG_ANALYZER_NONNULL = YES;
				CLANG_ANALYZER_NUMBER_OBJECT_CONVERSION = YES_AGGRESSIVE;
				CLANG_CXX_LANGUAGE_STANDARD = "gnu++20";
				CLANG_ENABLE_MODULES = YES;
				CLANG_ENABLE_OBJC_ARC = YES;
				CLANG_ENABLE_OBJC_WEAK = YES;
				CLANG_WARN_BLOCK_CAPTURE_AUTORELEASING = YES;
				CLANG_WARN_BOOL_CONVERSION = YES;
				CLANG_WARN_COMMA = YES;
				CLANG_WARN_CONSTANT_CONVERSION = YES;
				CLANG_WARN_DEPRECATED_OBJC_IMPLEMENTATIONS = YES;
				CLANG_WARN_DIRECT_OBJC_ISA_USAGE = YES_ERROR;
				CLANG_WARN_DOCUMENTATION_COMMENTS = YES;
				CLANG_WARN_EMPTY_BODY = YES;
				CLANG_WARN_ENUM_CONVERSION = YES;
				CLANG_WARN_INFINITE_RECURSION = YES;
				CLANG_WARN_INT_CONVERSION = YES;
				CLANG_WARN_NON_LITERAL_NULL_CONVERSION = YES;
				CLANG_WARN_OBJC_IMPLICIT_RETAIN_SELF = YES;
				CLANG_WARN_OBJC_LITERAL_CONVERSION = YES;
				CLANG_WARN_OBJC_ROOT_CLASS = YES_ERROR;
				CLANG_WARN_QUOTED_INCLUDE_IN_FRAMEWORK_HEADER = YES;
				CLANG_WARN_RANGE_LOOP_ANALYSIS = YES;
				CLANG_WARN_STRICT_PROTOTYPES = YES;
				CLANG_WARN_SUSPICIOUS_MOVE = YES;
				CLANG_WARN_UNGUARDED_AVAILABILITY = YES_AGGRESSIVE;
				CLANG_WARN_UNREACHABLE_CODE = YES;
				CLANG_WARN__DUPLICATE_METHOD_MATCH = YES;
				COPY_PHASE_STRIP = NO;
				DEBUG_INFORMATION_FORMAT = dwarf;
				ENABLE_STRICT_OBJC_MSGSEND = YES;
				ENABLE_TESTABILITY = YES;
				ENABLE_USER_SCRIPT_SANDBOXING = YES;
				GCC_C_LANGUAGE_STANDARD = gnu17;
				GCC_DYNAMIC_NO_PIC = NO;
				GCC_NO_COMMON_BLOCKS = YES;
				GCC_OPTIMIZATION_LEVEL = 0;
				GCC_PREPROCESSOR_DEFINITIONS = (
					"DEBUG=1",
					"$(inherited)",
				);
				GCC_WARN_64_TO_32_BIT_CONVERSION = YES;
				GCC_WARN_ABOUT_RETURN_TYPE = YES_ERROR;
				GCC_WARN_UNDECLARED_SELECTOR = YES;
				GCC_WARN_UNINITIALIZED_AUTOS = YES_AGGRESSIVE;
				GCC_WARN_UNUSED_FUNCTION = YES;
				GCC_WARN_UNUSED_VARIABLE = YES;
				IPHONEOS_DEPLOYMENT_TARGET = 18.1;
				LOCALIZATION_PREFERS_STRING_CATALOGS = YES;
				MTL_ENABLE_DEBUG_INFO = INCLUDE_SOURCE;
				MTL_FAST_MATH = YES;
				ONLY_ACTIVE_ARCH = YES;
				SDKROOT = iphoneos;
				SWIFT_ACTIVE_COMPILATION_CONDITIONS = "DEBUG $(inherited)";
				SWIFT_OPTIMIZATION_LEVEL = "-Onone";
			};
			name = Debug;
		};
		B5E3C0AD2DD751CA000622FD /* Release */ = {
			isa = XCBuildConfiguration;
			buildSettings = {
				ALWAYS_SEARCH_USER_PATHS = NO;
				ASSETCATALOG_COMPILER_GENERATE_SWIFT_ASSET_SYMBOL_EXTENSIONS = YES;
				CLANG_ANALYZER_NONNULL = YES;
				CLANG_ANALYZER_NUMBER_OBJECT_CONVERSION = YES_AGGRESSIVE;
				CLANG_CXX_LANGUAGE_STANDARD = "gnu++20";
				CLANG_ENABLE_MODULES = YES;
				CLANG_ENABLE_OBJC_ARC = YES;
				CLANG_ENABLE_OBJC_WEAK = YES;
				CLANG_WARN_BLOCK_CAPTURE_AUTORELEASING = YES;
				CLANG_WARN_BOOL_CONVERSION = YES;
				CLANG_WARN_COMMA = YES;
				CLANG_WARN_CONSTANT_CONVERSION = YES;
				CLANG_WARN_DEPRECATED_OBJC_IMPLEMENTATIONS = YES;
				CLANG_WARN_DIRECT_OBJC_ISA_USAGE = YES_ERROR;
				CLANG_WARN_DOCUMENTATION_COMMENTS = YES;
				CLANG_WARN_EMPTY_BODY = YES;
				CLANG_WARN_ENUM_CONVERSION = YES;
				CLANG_WARN_INFINITE_RECURSION = YES;
				CLANG_WARN_INT_CONVERSION = YES;
				CLANG_WARN_NON_LITERAL_NULL_CONVERSION = YES;
				CLANG_WARN_OBJC_IMPLICIT_RETAIN_SELF = YES;
				CLANG_WARN_OBJC_LITERAL_CONVERSION = YES;
				CLANG_WARN_OBJC_ROOT_CLASS = YES_ERROR;
				CLANG_WARN_QUOTED_INCLUDE_IN_FRAMEWORK_HEADER = YES;
				CLANG_WARN_RANGE_LOOP_ANALYSIS = YES;
				CLANG_WARN_STRICT_PROTOTYPES = YES;
				CLANG_WARN_SUSPICIOUS_MOVE = YES;
				CLANG_WARN_UNGUARDED_AVAILABILITY = YES_AGGRESSIVE;
				CLANG_WARN_UNREACHABLE_CODE = YES;
				CLANG_WARN__DUPLICATE_METHOD_MATCH = YES;
				COPY_PHASE_STRIP = NO;
				DEBUG_INFORMATION_FORMAT = "dwarf-with-dsym";
				ENABLE_NS_ASSERTIONS = NO;
				ENABLE_STRICT_OBJC_MSGSEND = YES;
				ENABLE_USER_SCRIPT_SANDBOXING = YES;
				GCC_C_LANGUAGE_STANDARD = gnu17;
				GCC_NO_COMMON_BLOCKS = YES;
				GCC_WARN_64_TO_32_BIT_CONVERSION = YES;
				GCC_WARN_ABOUT_RETURN_TYPE = YES_ERROR;
				GCC_WARN_UNDECLARED_SELECTOR = YES;
				GCC_WARN_UNINITIALIZED_AUTOS = YES_AGGRESSIVE;
				GCC_WARN_UNUSED_FUNCTION = YES;
				GCC_WARN_UNUSED_VARIABLE = YES;
				IPHONEOS_DEPLOYMENT_TARGET = 18.1;
				LOCALIZATION_PREFERS_STRING_CATALOGS = YES;
				MTL_ENABLE_DEBUG_INFO = NO;
				MTL_FAST_MATH = YES;
				SDKROOT = iphoneos;
				SWIFT_COMPILATION_MODE = wholemodule;
				VALIDATE_PRODUCT = YES;
			};
			name = Release;
		};
		B5E3C0AF2DD751CA000622FD /* Debug */ = {
			isa = XCBuildConfiguration;
			buildSettings = {
				ASSETCATALOG_COMPILER_APPICON_NAME = AppIcon;
				ASSETCATALOG_COMPILER_GLOBAL_ACCENT_COLOR_NAME = AccentColor;
				CODE_SIGN_STYLE = Automatic;
				CURRENT_PROJECT_VERSION = 1;
				DEVELOPMENT_ASSET_PATHS = "\"ExMessageSniffing/Preview Content\"";
				DEVELOPMENT_TEAM = FL4QTRRKMD;
				ENABLE_PREVIEWS = YES;
				GENERATE_INFOPLIST_FILE = YES;
				INFOPLIST_KEY_UIApplicationSceneManifest_Generation = YES;
				INFOPLIST_KEY_UIApplicationSupportsIndirectInputEvents = YES;
				INFOPLIST_KEY_UILaunchScreen_Generation = YES;
				INFOPLIST_KEY_UISupportedInterfaceOrientations_iPad = "UIInterfaceOrientationPortrait UIInterfaceOrientationPortraitUpsideDown UIInterfaceOrientationLandscapeLeft UIInterfaceOrientationLandscapeRight";
				INFOPLIST_KEY_UISupportedInterfaceOrientations_iPhone = "UIInterfaceOrientationPortrait UIInterfaceOrientationLandscapeLeft UIInterfaceOrientationLandscapeRight";
				LD_RUNPATH_SEARCH_PATHS = (
					"$(inherited)",
					"@executable_path/Frameworks",
				);
				MARKETING_VERSION = 1.0;
				PRODUCT_BUNDLE_IDENTIFIER = com.arex.ExMessageSniffing;
				PRODUCT_NAME = "$(TARGET_NAME)";
				SWIFT_EMIT_LOC_STRINGS = YES;
				SWIFT_VERSION = 5.0;
				TARGETED_DEVICE_FAMILY = "1,2";
			};
			name = Debug;
		};
		B5E3C0B02DD751CA000622FD /* Release */ = {
			isa = XCBuildConfiguration;
			buildSettings = {
				ASSETCATALOG_COMPILER_APPICON_NAME = AppIcon;
				ASSETCATALOG_COMPILER_GLOBAL_ACCENT_COLOR_NAME = AccentColor;
				CODE_SIGN_STYLE = Automatic;
				CURRENT_PROJECT_VERSION = 1;
				DEVELOPMENT_ASSET_PATHS = "\"ExMessageSniffing/Preview Content\"";
				DEVELOPMENT_TEAM = FL4QTRRKMD;
				ENABLE_PREVIEWS = YES;
				GENERATE_INFOPLIST_FILE = YES;
				INFOPLIST_KEY_UIApplicationSceneManifest_Generation = YES;
				INFOPLIST_KEY_UIApplicationSupportsIndirectInputEvents = YES;
				INFOPLIST_KEY_UILaunchScreen_Generation = YES;
				INFOPLIST_KEY_UISupportedInterfaceOrientations_iPad = "UIInterfaceOrientationPortrait UIInterfaceOrientationPortraitUpsideDown UIInterfaceOrientationLandscapeLeft UIInterfaceOrientationLandscapeRight";
				INFOPLIST_KEY_UISupportedInterfaceOrientations_iPhone = "UIInterfaceOrientationPortrait UIInterfaceOrientationLandscapeLeft UIInterfaceOrientationLandscapeRight";
				LD_RUNPATH_SEARCH_PATHS = (
					"$(inherited)",
					"@executable_path/Frameworks",
				);
				MARKETING_VERSION = 1.0;
				PRODUCT_BUNDLE_IDENTIFIER = com.arex.ExMessageSniffing;
				PRODUCT_NAME = "$(TARGET_NAME)";
				SWIFT_EMIT_LOC_STRINGS = YES;
				SWIFT_VERSION = 5.0;
				TARGETED_DEVICE_FAMILY = "1,2";
			};
			name = Release;
		};
		B5E3C0CB2DD7798A000622FD /* Debug */ = {
			isa = XCBuildConfiguration;
			buildSettings = {
				CODE_SIGN_ENTITLEMENTS = MessageFilter/MessageFilter.entitlements;
				CODE_SIGN_STYLE = Automatic;
				CURRENT_PROJECT_VERSION = 1;
				DEVELOPMENT_TEAM = FL4QTRRKMD;
				GENERATE_INFOPLIST_FILE = YES;
				INFOPLIST_FILE = MessageFilter/Info.plist;
				INFOPLIST_KEY_CFBundleDisplayName = MessageFilter;
				INFOPLIST_KEY_NSHumanReadableCopyright = "";
				LD_RUNPATH_SEARCH_PATHS = (
					"$(inherited)",
					"@executable_path/Frameworks",
					"@executable_path/../../Frameworks",
				);
				MARKETING_VERSION = 1.0;
				PRODUCT_BUNDLE_IDENTIFIER = com.arex.ExMessageSniffing.MessageFilter;
				PRODUCT_NAME = "$(TARGET_NAME)";
				SKIP_INSTALL = YES;
				SWIFT_EMIT_LOC_STRINGS = YES;
				SWIFT_VERSION = 5.0;
				TARGETED_DEVICE_FAMILY = "1,2";
			};
			name = Debug;
		};
		B5E3C0CC2DD7798A000622FD /* Release */ = {
			isa = XCBuildConfiguration;
			buildSettings = {
				CODE_SIGN_ENTITLEMENTS = MessageFilter/MessageFilter.entitlements;
				CODE_SIGN_STYLE = Automatic;
				CURRENT_PROJECT_VERSION = 1;
				DEVELOPMENT_TEAM = FL4QTRRKMD;
				GENERATE_INFOPLIST_FILE = YES;
				INFOPLIST_FILE = MessageFilter/Info.plist;
				INFOPLIST_KEY_CFBundleDisplayName = MessageFilter;
				INFOPLIST_KEY_NSHumanReadableCopyright = "";
				LD_RUNPATH_SEARCH_PATHS = (
					"$(inherited)",
					"@executable_path/Frameworks",
					"@executable_path/../../Frameworks",
				);
				MARKETING_VERSION = 1.0;
				PRODUCT_BUNDLE_IDENTIFIER = com.arex.ExMessageSniffing.MessageFilter;
				PRODUCT_NAME = "$(TARGET_NAME)";
				SKIP_INSTALL = YES;
				SWIFT_EMIT_LOC_STRINGS = YES;
				SWIFT_VERSION = 5.0;
				TARGETED_DEVICE_FAMILY = "1,2";
			};
			name = Release;
		};
/* End XCBuildConfiguration section */

/* Begin XCConfigurationList section */
		B5E3C09B2DD751C8000622FD /* Build configuration list for PBXProject "ExMessageSniffing" */ = {
			isa = XCConfigurationList;
			buildConfigurations = (
				B5E3C0AC2DD751CA000622FD /* Debug */,
				B5E3C0AD2DD751CA000622FD /* Release */,
			);
			defaultConfigurationIsVisible = 0;
			defaultConfigurationName = Release;
		};
		B5E3C0AE2DD751CA000622FD /* Build configuration list for PBXNativeTarget "ExMessageSniffing" */ = {
			isa = XCConfigurationList;
			buildConfigurations = (
				B5E3C0AF2DD751CA000622FD /* Debug */,
				B5E3C0B02DD751CA000622FD /* Release */,
			);
			defaultConfigurationIsVisible = 0;
			defaultConfigurationName = Release;
		};
		B5E3C0CA2DD7798A000622FD /* Build configuration list for PBXNativeTarget "MessageFilter" */ = {
			isa = XCConfigurationList;
			buildConfigurations = (
				B5E3C0CB2DD7798A000622FD /* Debug */,
				B5E3C0CC2DD7798A000622FD /* Release */,
			);
			defaultConfigurationIsVisible = 0;
			defaultConfigurationName = Release;
		};
/* End XCConfigurationList section */

/* Begin XCVersionGroup section */
		B5E3C0D32DD78764000622FD /* MessageModel.xcdatamodeld */ = {
			isa = XCVersionGroup;
			children = (
				B5E3C0D42DD78764000622FD /* MessageModel.xcdatamodel */,
			);
			currentVersion = B5E3C0D42DD78764000622FD /* MessageModel.xcdatamodel */;
			path = MessageModel.xcdatamodeld;
			sourceTree = "<group>";
			versionGroupType = wrapper.xcdatamodel;
		};
/* End XCVersionGroup section */
	};
	rootObject = B5E3C0982DD751C8000622FD /* Project object */;
}
