// !$*UTF8*$!
{
	archiveVersion = 1;
	classes = {
	};
	objectVersion = 56;
	objects = {

/* Begin PBXBuildFile section */
		3669105329BB0E5300423AD0 /* AppDelegate.swift in Sources */ = {isa = PBXBuildFile; fileRef = 3669105229BB0E5300423AD0 /* AppDelegate.swift */; };
		3669105529BB0E5300423AD0 /* SceneDelegate.swift in Sources */ = {isa = PBXBuildFile; fileRef = 3669105429BB0E5300423AD0 /* SceneDelegate.swift */; };
		3669105729BB0E5300423AD0 /* ViewController.swift in Sources */ = {isa = PBXBuildFile; fileRef = 3669105629BB0E5300423AD0 /* ViewController.swift */; };
		3669105A29BB0E5300423AD0 /* Main.storyboard in Resources */ = {isa = PBXBuildFile; fileRef = 3669105829BB0E5300423AD0 /* Main.storyboard */; };
		3669105C29BB0E5500423AD0 /* Assets.xcassets in Resources */ = {isa = PBXBuildFile; fileRef = 3669105B29BB0E5500423AD0 /* Assets.xcassets */; };
		3669105F29BB0E5500423AD0 /* LaunchScreen.storyboard in Resources */ = {isa = PBXBuildFile; fileRef = 3669105D29BB0E5500423AD0 /* LaunchScreen.storyboard */; };
		367E89E42A5AA4C1002D0C70 /* NotificationService.swift in Sources */ = {isa = PBXBuildFile; fileRef = 367E89E32A5AA4C1002D0C70 /* NotificationService.swift */; };
		367E89E82A5AA4C1002D0C70 /* NotificationServiceExtension.appex in Embed Foundation Extensions */ = {isa = PBXBuildFile; fileRef = 367E89E12A5AA4C1002D0C70 /* NotificationServiceExtension.appex */; settings = {ATTRIBUTES = (RemoveHeadersOnCopy, ); }; };
		EF8417962A5B035500BFEF90 /* GoogleService-Info.plist in Resources */ = {isa = PBXBuildFile; fileRef = EF8417952A5B035500BFEF90 /* GoogleService-Info.plist */; };
		EF8417992A5B040A00BFEF90 /* FirebaseInAppMessaging-Beta in Frameworks */ = {isa = PBXBuildFile; productRef = EF8417982A5B040A00BFEF90 /* FirebaseInAppMessaging-Beta */; };
		EF84179B2A5B040A00BFEF90 /* FirebaseInAppMessagingSwift-Beta in Frameworks */ = {isa = PBXBuildFile; productRef = EF84179A2A5B040A00BFEF90 /* FirebaseInAppMessagingSwift-Beta */; };
		EF84179D2A5B040A00BFEF90 /* FirebaseMessaging in Frameworks */ = {isa = PBXBuildFile; productRef = EF84179C2A5B040A00BFEF90 /* FirebaseMessaging */; };
		EF84179F2A5B04A200BFEF90 /* FirebaseAPI.swift in Sources */ = {isa = PBXBuildFile; fileRef = EF84179E2A5B04A100BFEF90 /* FirebaseAPI.swift */; };
/* End PBXBuildFile section */

/* Begin PBXContainerItemProxy section */
		367E89E62A5AA4C1002D0C70 /* PBXContainerItemProxy */ = {
			isa = PBXContainerItemProxy;
			containerPortal = 3669104729BB0E5300423AD0 /* Project object */;
			proxyType = 1;
			remoteGlobalIDString = 367E89E02A5AA4C1002D0C70;
			remoteInfo = NotificationServiceExtension;
		};
/* End PBXContainerItemProxy section */

/* Begin PBXCopyFilesBuildPhase section */
		367E89E92A5AA4C1002D0C70 /* Embed Foundation Extensions */ = {
			isa = PBXCopyFilesBuildPhase;
			buildActionMask = 2147483647;
			dstPath = "";
			dstSubfolderSpec = 13;
			files = (
				367E89E82A5AA4C1002D0C70 /* NotificationServiceExtension.appex in Embed Foundation Extensions */,
			);
			name = "Embed Foundation Extensions";
			runOnlyForDeploymentPostprocessing = 0;
		};
/* End PBXCopyFilesBuildPhase section */

/* Begin PBXFileReference section */
		3669104F29BB0E5300423AD0 /* PushExample.app */ = {isa = PBXFileReference; explicitFileType = wrapper.application; includeInIndex = 0; path = PushExample.app; sourceTree = BUILT_PRODUCTS_DIR; };
		3669105229BB0E5300423AD0 /* AppDelegate.swift */ = {isa = PBXFileReference; lastKnownFileType = sourcecode.swift; path = AppDelegate.swift; sourceTree = "<group>"; };
		3669105429BB0E5300423AD0 /* SceneDelegate.swift */ = {isa = PBXFileReference; lastKnownFileType = sourcecode.swift; path = SceneDelegate.swift; sourceTree = "<group>"; };
		3669105629BB0E5300423AD0 /* ViewController.swift */ = {isa = PBXFileReference; lastKnownFileType = sourcecode.swift; path = ViewController.swift; sourceTree = "<group>"; };
		3669105929BB0E5300423AD0 /* Base */ = {isa = PBXFileReference; lastKnownFileType = file.storyboard; name = Base; path = Base.lproj/Main.storyboard; sourceTree = "<group>"; };
		3669105B29BB0E5500423AD0 /* Assets.xcassets */ = {isa = PBXFileReference; lastKnownFileType = folder.assetcatalog; path = Assets.xcassets; sourceTree = "<group>"; };
		3669105E29BB0E5500423AD0 /* Base */ = {isa = PBXFileReference; lastKnownFileType = file.storyboard; name = Base; path = Base.lproj/LaunchScreen.storyboard; sourceTree = "<group>"; };
		3669106029BB0E5500423AD0 /* Info.plist */ = {isa = PBXFileReference; lastKnownFileType = text.plist.xml; path = Info.plist; sourceTree = "<group>"; };
		367E89E12A5AA4C1002D0C70 /* NotificationServiceExtension.appex */ = {isa = PBXFileReference; explicitFileType = "wrapper.app-extension"; includeInIndex = 0; path = NotificationServiceExtension.appex; sourceTree = BUILT_PRODUCTS_DIR; };
		367E89E32A5AA4C1002D0C70 /* NotificationService.swift */ = {isa = PBXFileReference; lastKnownFileType = sourcecode.swift; path = NotificationService.swift; sourceTree = "<group>"; };
		367E89E52A5AA4C1002D0C70 /* Info.plist */ = {isa = PBXFileReference; lastKnownFileType = text.plist.xml; path = Info.plist; sourceTree = "<group>"; };
		EF80F60F2A514FBC0061222C /* PushExample.entitlements */ = {isa = PBXFileReference; lastKnownFileType = text.plist.entitlements; path = PushExample.entitlements; sourceTree = "<group>"; };
		EF8417952A5B035500BFEF90 /* GoogleService-Info.plist */ = {isa = PBXFileReference; fileEncoding = 4; lastKnownFileType = text.plist.xml; path = "GoogleService-Info.plist"; sourceTree = "<group>"; };
		EF84179E2A5B04A100BFEF90 /* FirebaseAPI.swift */ = {isa = PBXFileReference; fileEncoding = 4; lastKnownFileType = sourcecode.swift; path = FirebaseAPI.swift; sourceTree = "<group>"; };
/* End PBXFileReference section */

/* Begin PBXFrameworksBuildPhase section */
		3669104C29BB0E5300423AD0 /* Frameworks */ = {
			isa = PBXFrameworksBuildPhase;
			buildActionMask = 2147483647;
			files = (
				EF84179D2A5B040A00BFEF90 /* FirebaseMessaging in Frameworks */,
				EF84179B2A5B040A00BFEF90 /* FirebaseInAppMessagingSwift-Beta in Frameworks */,
				EF8417992A5B040A00BFEF90 /* FirebaseInAppMessaging-Beta in Frameworks */,
			);
			runOnlyForDeploymentPostprocessing = 0;
		};
		367E89DE2A5AA4C1002D0C70 /* Frameworks */ = {
			isa = PBXFrameworksBuildPhase;
			buildActionMask = 2147483647;
			files = (
			);
			runOnlyForDeploymentPostprocessing = 0;
		};
/* End PBXFrameworksBuildPhase section */

/* Begin PBXGroup section */
		3669104629BB0E5300423AD0 = {
			isa = PBXGroup;
			children = (
				3669105129BB0E5300423AD0 /* PushExample */,
				367E89E22A5AA4C1002D0C70 /* NotificationServiceExtension */,
				3669105029BB0E5300423AD0 /* Products */,
			);
			sourceTree = "<group>";
		};
		3669105029BB0E5300423AD0 /* Products */ = {
			isa = PBXGroup;
			children = (
				3669104F29BB0E5300423AD0 /* PushExample.app */,
				367E89E12A5AA4C1002D0C70 /* NotificationServiceExtension.appex */,
			);
			name = Products;
			sourceTree = "<group>";
		};
		3669105129BB0E5300423AD0 /* PushExample */ = {
			isa = PBXGroup;
			children = (
				EF80F60F2A514FBC0061222C /* PushExample.entitlements */,
				3669105229BB0E5300423AD0 /* AppDelegate.swift */,
				3669105429BB0E5300423AD0 /* SceneDelegate.swift */,
				3669105629BB0E5300423AD0 /* ViewController.swift */,
				EF84179E2A5B04A100BFEF90 /* FirebaseAPI.swift */,
				3669105829BB0E5300423AD0 /* Main.storyboard */,
				3669105B29BB0E5500423AD0 /* Assets.xcassets */,
				3669105D29BB0E5500423AD0 /* LaunchScreen.storyboard */,
				3669106029BB0E5500423AD0 /* Info.plist */,
				EF8417952A5B035500BFEF90 /* GoogleService-Info.plist */,
			);
			path = PushExample;
			sourceTree = "<group>";
		};
		367E89E22A5AA4C1002D0C70 /* NotificationServiceExtension */ = {
			isa = PBXGroup;
			children = (
				367E89E32A5AA4C1002D0C70 /* NotificationService.swift */,
				367E89E52A5AA4C1002D0C70 /* Info.plist */,
			);
			path = NotificationServiceExtension;
			sourceTree = "<group>";
		};
/* End PBXGroup section */

/* Begin PBXNativeTarget section */
		3669104E29BB0E5300423AD0 /* PushExample */ = {
			isa = PBXNativeTarget;
			buildConfigurationList = 3669106329BB0E5500423AD0 /* Build configuration list for PBXNativeTarget "PushExample" */;
			buildPhases = (
				3669104B29BB0E5300423AD0 /* Sources */,
				3669104C29BB0E5300423AD0 /* Frameworks */,
				3669104D29BB0E5300423AD0 /* Resources */,
				367E89E92A5AA4C1002D0C70 /* Embed Foundation Extensions */,
			);
			buildRules = (
			);
			dependencies = (
				367E89E72A5AA4C1002D0C70 /* PBXTargetDependency */,
			);
			name = PushExample;
			packageProductDependencies = (
				EF8417982A5B040A00BFEF90 /* FirebaseInAppMessaging-Beta */,
				EF84179A2A5B040A00BFEF90 /* FirebaseInAppMessagingSwift-Beta */,
				EF84179C2A5B040A00BFEF90 /* FirebaseMessaging */,
			);
			productName = PushExample;
			productReference = 3669104F29BB0E5300423AD0 /* PushExample.app */;
			productType = "com.apple.product-type.application";
		};
		367E89E02A5AA4C1002D0C70 /* NotificationServiceExtension */ = {
			isa = PBXNativeTarget;
			buildConfigurationList = 367E89EC2A5AA4C1002D0C70 /* Build configuration list for PBXNativeTarget "NotificationServiceExtension" */;
			buildPhases = (
				367E89DD2A5AA4C1002D0C70 /* Sources */,
				367E89DE2A5AA4C1002D0C70 /* Frameworks */,
				367E89DF2A5AA4C1002D0C70 /* Resources */,
			);
			buildRules = (
			);
			dependencies = (
			);
			name = NotificationServiceExtension;
			productName = NotificationServiceExtension;
			productReference = 367E89E12A5AA4C1002D0C70 /* NotificationServiceExtension.appex */;
			productType = "com.apple.product-type.app-extension";
		};
/* End PBXNativeTarget section */

/* Begin PBXProject section */
		3669104729BB0E5300423AD0 /* Project object */ = {
			isa = PBXProject;
			attributes = {
				BuildIndependentTargetsInParallel = 1;
				LastSwiftUpdateCheck = 1430;
				LastUpgradeCheck = 1410;
				TargetAttributes = {
					3669104E29BB0E5300423AD0 = {
						CreatedOnToolsVersion = 14.1;
					};
					367E89E02A5AA4C1002D0C70 = {
						CreatedOnToolsVersion = 14.3;
					};
				};
			};
			buildConfigurationList = 3669104A29BB0E5300423AD0 /* Build configuration list for PBXProject "PushExample" */;
			compatibilityVersion = "Xcode 14.0";
			developmentRegion = en;
			hasScannedForEncodings = 0;
			knownRegions = (
				en,
				Base,
			);
			mainGroup = 3669104629BB0E5300423AD0;
			packageReferences = (
				EF8417972A5B040A00BFEF90 /* XCRemoteSwiftPackageReference "firebase-ios-sdk" */,
			);
			productRefGroup = 3669105029BB0E5300423AD0 /* Products */;
			projectDirPath = "";
			projectRoot = "";
			targets = (
				3669104E29BB0E5300423AD0 /* PushExample */,
				367E89E02A5AA4C1002D0C70 /* NotificationServiceExtension */,
			);
		};
/* End PBXProject section */

/* Begin PBXResourcesBuildPhase section */
		3669104D29BB0E5300423AD0 /* Resources */ = {
			isa = PBXResourcesBuildPhase;
			buildActionMask = 2147483647;
			files = (
				3669105F29BB0E5500423AD0 /* LaunchScreen.storyboard in Resources */,
				EF8417962A5B035500BFEF90 /* GoogleService-Info.plist in Resources */,
				3669105C29BB0E5500423AD0 /* Assets.xcassets in Resources */,
				3669105A29BB0E5300423AD0 /* Main.storyboard in Resources */,
			);
			runOnlyForDeploymentPostprocessing = 0;
		};
		367E89DF2A5AA4C1002D0C70 /* Resources */ = {
			isa = PBXResourcesBuildPhase;
			buildActionMask = 2147483647;
			files = (
			);
			runOnlyForDeploymentPostprocessing = 0;
		};
/* End PBXResourcesBuildPhase section */

/* Begin PBXSourcesBuildPhase section */
		3669104B29BB0E5300423AD0 /* Sources */ = {
			isa = PBXSourcesBuildPhase;
			buildActionMask = 2147483647;
			files = (
				3669105729BB0E5300423AD0 /* ViewController.swift in Sources */,
				3669105329BB0E5300423AD0 /* AppDelegate.swift in Sources */,
				3669105529BB0E5300423AD0 /* SceneDelegate.swift in Sources */,
				EF84179F2A5B04A200BFEF90 /* FirebaseAPI.swift in Sources */,
			);
			runOnlyForDeploymentPostprocessing = 0;
		};
		367E89DD2A5AA4C1002D0C70 /* Sources */ = {
			isa = PBXSourcesBuildPhase;
			buildActionMask = 2147483647;
			files = (
				367E89E42A5AA4C1002D0C70 /* NotificationService.swift in Sources */,
			);
			runOnlyForDeploymentPostprocessing = 0;
		};
/* End PBXSourcesBuildPhase section */

/* Begin PBXTargetDependency section */
		367E89E72A5AA4C1002D0C70 /* PBXTargetDependency */ = {
			isa = PBXTargetDependency;
			target = 367E89E02A5AA4C1002D0C70 /* NotificationServiceExtension */;
			targetProxy = 367E89E62A5AA4C1002D0C70 /* PBXContainerItemProxy */;
		};
/* End PBXTargetDependency section */

/* Begin PBXVariantGroup section */
		3669105829BB0E5300423AD0 /* Main.storyboard */ = {
			isa = PBXVariantGroup;
			children = (
				3669105929BB0E5300423AD0 /* Base */,
			);
			name = Main.storyboard;
			sourceTree = "<group>";
		};
		3669105D29BB0E5500423AD0 /* LaunchScreen.storyboard */ = {
			isa = PBXVariantGroup;
			children = (
				3669105E29BB0E5500423AD0 /* Base */,
			);
			name = LaunchScreen.storyboard;
			sourceTree = "<group>";
		};
/* End PBXVariantGroup section */

/* Begin XCBuildConfiguration section */
		3669106129BB0E5500423AD0 /* Debug */ = {
			isa = XCBuildConfiguration;
			buildSettings = {
				ALWAYS_SEARCH_USER_PATHS = NO;
				CLANG_ANALYZER_NONNULL = YES;
				CLANG_ANALYZER_NUMBER_OBJECT_CONVERSION = YES_AGGRESSIVE;
				CLANG_CXX_LANGUAGE_STANDARD = "gnu++20";
				CLANG_ENABLE_MODULES = YES;
				CLANG_ENABLE_OBJC_ARC = YES;
				CLANG_ENABLE_OBJC_WEAK = YES;
				CLANG_WARN_BLOCK_CAPTURE_AUTORELEASING = YES;
				CLANG_WARN_BOOL_CONVERSION = YES;
				CLANG_WARN_COMMA = YES;
				CLANG_WARN_CONSTANT_CONVERSION = YES;
				CLANG_WARN_DEPRECATED_OBJC_IMPLEMENTATIONS = YES;
				CLANG_WARN_DIRECT_OBJC_ISA_USAGE = YES_ERROR;
				CLANG_WARN_DOCUMENTATION_COMMENTS = YES;
				CLANG_WARN_EMPTY_BODY = YES;
				CLANG_WARN_ENUM_CONVERSION = YES;
				CLANG_WARN_INFINITE_RECURSION = YES;
				CLANG_WARN_INT_CONVERSION = YES;
				CLANG_WARN_NON_LITERAL_NULL_CONVERSION = YES;
				CLANG_WARN_OBJC_IMPLICIT_RETAIN_SELF = YES;
				CLANG_WARN_OBJC_LITERAL_CONVERSION = YES;
				CLANG_WARN_OBJC_ROOT_CLASS = YES_ERROR;
				CLANG_WARN_QUOTED_INCLUDE_IN_FRAMEWORK_HEADER = YES;
				CLANG_WARN_RANGE_LOOP_ANALYSIS = YES;
				CLANG_WARN_STRICT_PROTOTYPES = YES;
				CLANG_WARN_SUSPICIOUS_MOVE = YES;
				CLANG_WARN_UNGUARDED_AVAILABILITY = YES_AGGRESSIVE;
				CLANG_WARN_UNREACHABLE_CODE = YES;
				CLANG_WARN__DUPLICATE_METHOD_MATCH = YES;
				COPY_PHASE_STRIP = NO;
				DEBUG_INFORMATION_FORMAT = dwarf;
				ENABLE_STRICT_OBJC_MSGSEND = YES;
				ENABLE_TESTABILITY = YES;
				GCC_C_LANGUAGE_STANDARD = gnu11;
				GCC_DYNAMIC_NO_PIC = NO;
				GCC_NO_COMMON_BLOCKS = YES;
				GCC_OPTIMIZATION_LEVEL = 0;
				GCC_PREPROCESSOR_DEFINITIONS = (
					"DEBUG=1",
					"$(inherited)",
				);
				GCC_WARN_64_TO_32_BIT_CONVERSION = YES;
				GCC_WARN_ABOUT_RETURN_TYPE = YES_ERROR;
				GCC_WARN_UNDECLARED_SELECTOR = YES;
				GCC_WARN_UNINITIALIZED_AUTOS = YES_AGGRESSIVE;
				GCC_WARN_UNUSED_FUNCTION = YES;
				GCC_WARN_UNUSED_VARIABLE = YES;
				IPHONEOS_DEPLOYMENT_TARGET = 16.1;
				MTL_ENABLE_DEBUG_INFO = INCLUDE_SOURCE;
				MTL_FAST_MATH = YES;
				ONLY_ACTIVE_ARCH = YES;
				SDKROOT = iphoneos;
				SWIFT_ACTIVE_COMPILATION_CONDITIONS = DEBUG;
				SWIFT_OPTIMIZATION_LEVEL = "-Onone";
			};
			name = Debug;
		};
		3669106229BB0E5500423AD0 /* Release */ = {
			isa = XCBuildConfiguration;
			buildSettings = {
				ALWAYS_SEARCH_USER_PATHS = NO;
				CLANG_ANALYZER_NONNULL = YES;
				CLANG_ANALYZER_NUMBER_OBJECT_CONVERSION = YES_AGGRESSIVE;
				CLANG_CXX_LANGUAGE_STANDARD = "gnu++20";
				CLANG_ENABLE_MODULES = YES;
				CLANG_ENABLE_OBJC_ARC = YES;
				CLANG_ENABLE_OBJC_WEAK = YES;
				CLANG_WARN_BLOCK_CAPTURE_AUTORELEASING = YES;
				CLANG_WARN_BOOL_CONVERSION = YES;
				CLANG_WARN_COMMA = YES;
				CLANG_WARN_CONSTANT_CONVERSION = YES;
				CLANG_WARN_DEPRECATED_OBJC_IMPLEMENTATIONS = YES;
				CLANG_WARN_DIRECT_OBJC_ISA_USAGE = YES_ERROR;
				CLANG_WARN_DOCUMENTATION_COMMENTS = YES;
				CLANG_WARN_EMPTY_BODY = YES;
				CLANG_WARN_ENUM_CONVERSION = YES;
				CLANG_WARN_INFINITE_RECURSION = YES;
				CLANG_WARN_INT_CONVERSION = YES;
				CLANG_WARN_NON_LITERAL_NULL_CONVERSION = YES;
				CLANG_WARN_OBJC_IMPLICIT_RETAIN_SELF = YES;
				CLANG_WARN_OBJC_LITERAL_CONVERSION = YES;
				CLANG_WARN_OBJC_ROOT_CLASS = YES_ERROR;
				CLANG_WARN_QUOTED_INCLUDE_IN_FRAMEWORK_HEADER = YES;
				CLANG_WARN_RANGE_LOOP_ANALYSIS = YES;
				CLANG_WARN_STRICT_PROTOTYPES = YES;
				CLANG_WARN_SUSPICIOUS_MOVE = YES;
				CLANG_WARN_UNGUARDED_AVAILABILITY = YES_AGGRESSIVE;
				CLANG_WARN_UNREACHABLE_CODE = YES;
				CLANG_WARN__DUPLICATE_METHOD_MATCH = YES;
				COPY_PHASE_STRIP = NO;
				DEBUG_INFORMATION_FORMAT = "dwarf-with-dsym";
				ENABLE_NS_ASSERTIONS = NO;
				ENABLE_STRICT_OBJC_MSGSEND = YES;
				GCC_C_LANGUAGE_STANDARD = gnu11;
				GCC_NO_COMMON_BLOCKS = YES;
				GCC_WARN_64_TO_32_BIT_CONVERSION = YES;
				GCC_WARN_ABOUT_RETURN_TYPE = YES_ERROR;
				GCC_WARN_UNDECLARED_SELECTOR = YES;
				GCC_WARN_UNINITIALIZED_AUTOS = YES_AGGRESSIVE;
				GCC_WARN_UNUSED_FUNCTION = YES;
				GCC_WARN_UNUSED_VARIABLE = YES;
				IPHONEOS_DEPLOYMENT_TARGET = 16.1;
				MTL_ENABLE_DEBUG_INFO = NO;
				MTL_FAST_MATH = YES;
				SDKROOT = iphoneos;
				SWIFT_COMPILATION_MODE = wholemodule;
				SWIFT_OPTIMIZATION_LEVEL = "-O";
				VALIDATE_PRODUCT = YES;
			};
			name = Release;
		};
		3669106429BB0E5500423AD0 /* Debug */ = {
			isa = XCBuildConfiguration;
			buildSettings = {
				ALWAYS_EMBED_SWIFT_STANDARD_LIBRARIES = YES;
				ASSETCATALOG_COMPILER_APPICON_NAME = AppIcon;
				ASSETCATALOG_COMPILER_GLOBAL_ACCENT_COLOR_NAME = AccentColor;
				CODE_SIGN_ENTITLEMENTS = PushExample/PushExample.entitlements;
				CODE_SIGN_STYLE = Automatic;
				CURRENT_PROJECT_VERSION = 1;
				DEVELOPMENT_TEAM = FL4QTRRKMD;
				GENERATE_INFOPLIST_FILE = YES;
				INFOPLIST_FILE = PushExample/Info.plist;
				INFOPLIST_KEY_UIApplicationSupportsIndirectInputEvents = YES;
				INFOPLIST_KEY_UILaunchStoryboardName = LaunchScreen;
				INFOPLIST_KEY_UIMainStoryboardFile = Main;
				INFOPLIST_KEY_UISupportedInterfaceOrientations_iPad = "UIInterfaceOrientationPortrait UIInterfaceOrientationPortraitUpsideDown UIInterfaceOrientationLandscapeLeft UIInterfaceOrientationLandscapeRight";
				INFOPLIST_KEY_UISupportedInterfaceOrientations_iPhone = "UIInterfaceOrientationPortrait UIInterfaceOrientationLandscapeLeft UIInterfaceOrientationLandscapeRight";
				LD_RUNPATH_SEARCH_PATHS = (
					"$(inherited)",
					"@executable_path/Frameworks",
				);
				MARKETING_VERSION = 1.0;
				PRODUCT_BUNDLE_IDENTIFIER = com.Arex.PushExample;
				PRODUCT_NAME = "$(TARGET_NAME)";
				SWIFT_EMIT_LOC_STRINGS = YES;
				SWIFT_VERSION = 5.0;
				TARGETED_DEVICE_FAMILY = "1,2";
			};
			name = Debug;
		};
		3669106529BB0E5500423AD0 /* Release */ = {
			isa = XCBuildConfiguration;
			buildSettings = {
				ALWAYS_EMBED_SWIFT_STANDARD_LIBRARIES = YES;
				ASSETCATALOG_COMPILER_APPICON_NAME = AppIcon;
				ASSETCATALOG_COMPILER_GLOBAL_ACCENT_COLOR_NAME = AccentColor;
				CODE_SIGN_ENTITLEMENTS = PushExample/PushExample.entitlements;
				CODE_SIGN_STYLE = Automatic;
				CURRENT_PROJECT_VERSION = 1;
				DEVELOPMENT_TEAM = FL4QTRRKMD;
				GENERATE_INFOPLIST_FILE = YES;
				INFOPLIST_FILE = PushExample/Info.plist;
				INFOPLIST_KEY_UIApplicationSupportsIndirectInputEvents = YES;
				INFOPLIST_KEY_UILaunchStoryboardName = LaunchScreen;
				INFOPLIST_KEY_UIMainStoryboardFile = Main;
				INFOPLIST_KEY_UISupportedInterfaceOrientations_iPad = "UIInterfaceOrientationPortrait UIInterfaceOrientationPortraitUpsideDown UIInterfaceOrientationLandscapeLeft UIInterfaceOrientationLandscapeRight";
				INFOPLIST_KEY_UISupportedInterfaceOrientations_iPhone = "UIInterfaceOrientationPortrait UIInterfaceOrientationLandscapeLeft UIInterfaceOrientationLandscapeRight";
				LD_RUNPATH_SEARCH_PATHS = (
					"$(inherited)",
					"@executable_path/Frameworks",
				);
				MARKETING_VERSION = 1.0;
				PRODUCT_BUNDLE_IDENTIFIER = com.Arex.PushExample;
				PRODUCT_NAME = "$(TARGET_NAME)";
				SWIFT_EMIT_LOC_STRINGS = YES;
				SWIFT_VERSION = 5.0;
				TARGETED_DEVICE_FAMILY = "1,2";
			};
			name = Release;
		};
		367E89EA2A5AA4C1002D0C70 /* Debug */ = {
			isa = XCBuildConfiguration;
			buildSettings = {
				CODE_SIGN_STYLE = Automatic;
				CURRENT_PROJECT_VERSION = 1;
				DEVELOPMENT_TEAM = FL4QTRRKMD;
				GENERATE_INFOPLIST_FILE = YES;
				INFOPLIST_FILE = NotificationServiceExtension/Info.plist;
				INFOPLIST_KEY_CFBundleDisplayName = NotificationServiceExtension;
				INFOPLIST_KEY_NSHumanReadableCopyright = "";
				IPHONEOS_DEPLOYMENT_TARGET = 16.4;
				LD_RUNPATH_SEARCH_PATHS = (
					"$(inherited)",
					"@executable_path/Frameworks",
					"@executable_path/../../Frameworks",
				);
				MARKETING_VERSION = 1.0;
				PRODUCT_BUNDLE_IDENTIFIER = com.Arex.PushExample.NotificationServiceExtension;
				PRODUCT_NAME = "$(TARGET_NAME)";
				SKIP_INSTALL = YES;
				SWIFT_EMIT_LOC_STRINGS = YES;
				SWIFT_VERSION = 5.0;
				TARGETED_DEVICE_FAMILY = "1,2";
			};
			name = Debug;
		};
		367E89EB2A5AA4C1002D0C70 /* Release */ = {
			isa = XCBuildConfiguration;
			buildSettings = {
				CODE_SIGN_STYLE = Automatic;
				CURRENT_PROJECT_VERSION = 1;
				DEVELOPMENT_TEAM = FL4QTRRKMD;
				GENERATE_INFOPLIST_FILE = YES;
				INFOPLIST_FILE = NotificationServiceExtension/Info.plist;
				INFOPLIST_KEY_CFBundleDisplayName = NotificationServiceExtension;
				INFOPLIST_KEY_NSHumanReadableCopyright = "";
				IPHONEOS_DEPLOYMENT_TARGET = 16.4;
				LD_RUNPATH_SEARCH_PATHS = (
					"$(inherited)",
					"@executable_path/Frameworks",
					"@executable_path/../../Frameworks",
				);
				MARKETING_VERSION = 1.0;
				PRODUCT_BUNDLE_IDENTIFIER = com.Arex.PushExample.NotificationServiceExtension;
				PRODUCT_NAME = "$(TARGET_NAME)";
				SKIP_INSTALL = YES;
				SWIFT_EMIT_LOC_STRINGS = YES;
				SWIFT_VERSION = 5.0;
				TARGETED_DEVICE_FAMILY = "1,2";
			};
			name = Release;
		};
/* End XCBuildConfiguration section */

/* Begin XCConfigurationList section */
		3669104A29BB0E5300423AD0 /* Build configuration list for PBXProject "PushExample" */ = {
			isa = XCConfigurationList;
			buildConfigurations = (
				3669106129BB0E5500423AD0 /* Debug */,
				3669106229BB0E5500423AD0 /* Release */,
			);
			defaultConfigurationIsVisible = 0;
			defaultConfigurationName = Release;
		};
		3669106329BB0E5500423AD0 /* Build configuration list for PBXNativeTarget "PushExample" */ = {
			isa = XCConfigurationList;
			buildConfigurations = (
				3669106429BB0E5500423AD0 /* Debug */,
				3669106529BB0E5500423AD0 /* Release */,
			);
			defaultConfigurationIsVisible = 0;
			defaultConfigurationName = Release;
		};
		367E89EC2A5AA4C1002D0C70 /* Build configuration list for PBXNativeTarget "NotificationServiceExtension" */ = {
			isa = XCConfigurationList;
			buildConfigurations = (
				367E89EA2A5AA4C1002D0C70 /* Debug */,
				367E89EB2A5AA4C1002D0C70 /* Release */,
			);
			defaultConfigurationIsVisible = 0;
			defaultConfigurationName = Release;
		};
/* End XCConfigurationList section */

/* Begin XCRemoteSwiftPackageReference section */
		EF8417972A5B040A00BFEF90 /* XCRemoteSwiftPackageReference "firebase-ios-sdk" */ = {
			isa = XCRemoteSwiftPackageReference;
			repositoryURL = "https://github.com/firebase/firebase-ios-sdk";
			requirement = {
				kind = upToNextMajorVersion;
				minimumVersion = 10.0.0;
			};
		};
/* End XCRemoteSwiftPackageReference section */

/* Begin XCSwiftPackageProductDependency section */
		EF8417982A5B040A00BFEF90 /* FirebaseInAppMessaging-Beta */ = {
			isa = XCSwiftPackageProductDependency;
			package = EF8417972A5B040A00BFEF90 /* XCRemoteSwiftPackageReference "firebase-ios-sdk" */;
			productName = "FirebaseInAppMessaging-Beta";
		};
		EF84179A2A5B040A00BFEF90 /* FirebaseInAppMessagingSwift-Beta */ = {
			isa = XCSwiftPackageProductDependency;
			package = EF8417972A5B040A00BFEF90 /* XCRemoteSwiftPackageReference "firebase-ios-sdk" */;
			productName = "FirebaseInAppMessagingSwift-Beta";
		};
		EF84179C2A5B040A00BFEF90 /* FirebaseMessaging */ = {
			isa = XCSwiftPackageProductDependency;
			package = EF8417972A5B040A00BFEF90 /* XCRemoteSwiftPackageReference "firebase-ios-sdk" */;
			productName = FirebaseMessaging;
		};
/* End XCSwiftPackageProductDependency section */
	};
	rootObject = 3669104729BB0E5300423AD0 /* Project object */;
}
