// !$*UTF8*$!
{
	archiveVersion = 1;
	classes = {
	};
	objectVersion = 56;
	objects = {

/* Begin PBXBuildFile section */
		EF2FA75929D30F420068046E /* AppDelegate.swift in Sources */ = {isa = PBXBuildFile; fileRef = EF2FA75829D30F420068046E /* AppDelegate.swift */; };
		EF2FA75B29D30F420068046E /* SceneDelegate.swift in Sources */ = {isa = PBXBuildFile; fileRef = EF2FA75A29D30F420068046E /* SceneDelegate.swift */; };
		EF2FA75D29D30F420068046E /* ViewController.swift in Sources */ = {isa = PBXBuildFile; fileRef = EF2FA75C29D30F420068046E /* ViewController.swift */; };
		EF2FA76029D30F420068046E /* Main.storyboard in Resources */ = {isa = PBXBuildFile; fileRef = EF2FA75E29D30F420068046E /* Main.storyboard */; };
		EF2FA76229D30F440068046E /* Assets.xcassets in Resources */ = {isa = PBXBuildFile; fileRef = EF2FA76129D30F440068046E /* Assets.xcassets */; };
		EF2FA76529D30F440068046E /* LaunchScreen.storyboard in Resources */ = {isa = PBXBuildFile; fileRef = EF2FA76329D30F440068046E /* LaunchScreen.storyboard */; };
		EF2FA76E29D3111F0068046E /* NFCRegistViewController.swift in Sources */ = {isa = PBXBuildFile; fileRef = EF2FA76D29D3111F0068046E /* NFCRegistViewController.swift */; };
/* End PBXBuildFile section */

/* Begin PBXFileReference section */
		EF2FA75529D30F420068046E /* NFCSample.app */ = {isa = PBXFileReference; explicitFileType = wrapper.application; includeInIndex = 0; path = NFCSample.app; sourceTree = BUILT_PRODUCTS_DIR; };
		EF2FA75829D30F420068046E /* AppDelegate.swift */ = {isa = PBXFileReference; lastKnownFileType = sourcecode.swift; path = AppDelegate.swift; sourceTree = "<group>"; };
		EF2FA75A29D30F420068046E /* SceneDelegate.swift */ = {isa = PBXFileReference; lastKnownFileType = sourcecode.swift; path = SceneDelegate.swift; sourceTree = "<group>"; };
		EF2FA75C29D30F420068046E /* ViewController.swift */ = {isa = PBXFileReference; lastKnownFileType = sourcecode.swift; path = ViewController.swift; sourceTree = "<group>"; };
		EF2FA75F29D30F420068046E /* Base */ = {isa = PBXFileReference; lastKnownFileType = file.storyboard; name = Base; path = Base.lproj/Main.storyboard; sourceTree = "<group>"; };
		EF2FA76129D30F440068046E /* Assets.xcassets */ = {isa = PBXFileReference; lastKnownFileType = folder.assetcatalog; path = Assets.xcassets; sourceTree = "<group>"; };
		EF2FA76429D30F440068046E /* Base */ = {isa = PBXFileReference; lastKnownFileType = file.storyboard; name = Base; path = Base.lproj/LaunchScreen.storyboard; sourceTree = "<group>"; };
		EF2FA76629D30F440068046E /* Info.plist */ = {isa = PBXFileReference; lastKnownFileType = text.plist.xml; path = Info.plist; sourceTree = "<group>"; };
		EF2FA76C29D3100A0068046E /* NFCSample.entitlements */ = {isa = PBXFileReference; lastKnownFileType = text.plist.entitlements; path = NFCSample.entitlements; sourceTree = "<group>"; };
		EF2FA76D29D3111F0068046E /* NFCRegistViewController.swift */ = {isa = PBXFileReference; lastKnownFileType = sourcecode.swift; path = NFCRegistViewController.swift; sourceTree = "<group>"; };
/* End PBXFileReference section */

/* Begin PBXFrameworksBuildPhase section */
		EF2FA75229D30F420068046E /* Frameworks */ = {
			isa = PBXFrameworksBuildPhase;
			buildActionMask = 2147483647;
			files = (
			);
			runOnlyForDeploymentPostprocessing = 0;
		};
/* End PBXFrameworksBuildPhase section */

/* Begin PBXGroup section */
		EF2FA74C29D30F420068046E = {
			isa = PBXGroup;
			children = (
				EF2FA75729D30F420068046E /* NFCSample */,
				EF2FA75629D30F420068046E /* Products */,
			);
			sourceTree = "<group>";
		};
		EF2FA75629D30F420068046E /* Products */ = {
			isa = PBXGroup;
			children = (
				EF2FA75529D30F420068046E /* NFCSample.app */,
			);
			name = Products;
			sourceTree = "<group>";
		};
		EF2FA75729D30F420068046E /* NFCSample */ = {
			isa = PBXGroup;
			children = (
				EF2FA76C29D3100A0068046E /* NFCSample.entitlements */,
				EF2FA75829D30F420068046E /* AppDelegate.swift */,
				EF2FA75A29D30F420068046E /* SceneDelegate.swift */,
				EF2FA75C29D30F420068046E /* ViewController.swift */,
				EF2FA76D29D3111F0068046E /* NFCRegistViewController.swift */,
				EF2FA75E29D30F420068046E /* Main.storyboard */,
				EF2FA76129D30F440068046E /* Assets.xcassets */,
				EF2FA76329D30F440068046E /* LaunchScreen.storyboard */,
				EF2FA76629D30F440068046E /* Info.plist */,
			);
			path = NFCSample;
			sourceTree = "<group>";
		};
/* End PBXGroup section */

/* Begin PBXNativeTarget section */
		EF2FA75429D30F420068046E /* NFCSample */ = {
			isa = PBXNativeTarget;
			buildConfigurationList = EF2FA76929D30F440068046E /* Build configuration list for PBXNativeTarget "NFCSample" */;
			buildPhases = (
				EF2FA75129D30F420068046E /* Sources */,
				EF2FA75229D30F420068046E /* Frameworks */,
				EF2FA75329D30F420068046E /* Resources */,
			);
			buildRules = (
			);
			dependencies = (
			);
			name = NFCSample;
			productName = NFCSample;
			productReference = EF2FA75529D30F420068046E /* NFCSample.app */;
			productType = "com.apple.product-type.application";
		};
/* End PBXNativeTarget section */

/* Begin PBXProject section */
		EF2FA74D29D30F420068046E /* Project object */ = {
			isa = PBXProject;
			attributes = {
				BuildIndependentTargetsInParallel = 1;
				LastSwiftUpdateCheck = 1420;
				LastUpgradeCheck = 1420;
				TargetAttributes = {
					EF2FA75429D30F420068046E = {
						CreatedOnToolsVersion = 14.2;
					};
				};
			};
			buildConfigurationList = EF2FA75029D30F420068046E /* Build configuration list for PBXProject "NFCSample" */;
			compatibilityVersion = "Xcode 14.0";
			developmentRegion = en;
			hasScannedForEncodings = 0;
			knownRegions = (
				en,
				Base,
			);
			mainGroup = EF2FA74C29D30F420068046E;
			productRefGroup = EF2FA75629D30F420068046E /* Products */;
			projectDirPath = "";
			projectRoot = "";
			targets = (
				EF2FA75429D30F420068046E /* NFCSample */,
			);
		};
/* End PBXProject section */

/* Begin PBXResourcesBuildPhase section */
		EF2FA75329D30F420068046E /* Resources */ = {
			isa = PBXResourcesBuildPhase;
			buildActionMask = 2147483647;
			files = (
				EF2FA76529D30F440068046E /* LaunchScreen.storyboard in Resources */,
				EF2FA76229D30F440068046E /* Assets.xcassets in Resources */,
				EF2FA76029D30F420068046E /* Main.storyboard in Resources */,
			);
			runOnlyForDeploymentPostprocessing = 0;
		};
/* End PBXResourcesBuildPhase section */

/* Begin PBXSourcesBuildPhase section */
		EF2FA75129D30F420068046E /* Sources */ = {
			isa = PBXSourcesBuildPhase;
			buildActionMask = 2147483647;
			files = (
				EF2FA76E29D3111F0068046E /* NFCRegistViewController.swift in Sources */,
				EF2FA75D29D30F420068046E /* ViewController.swift in Sources */,
				EF2FA75929D30F420068046E /* AppDelegate.swift in Sources */,
				EF2FA75B29D30F420068046E /* SceneDelegate.swift in Sources */,
			);
			runOnlyForDeploymentPostprocessing = 0;
		};
/* End PBXSourcesBuildPhase section */

/* Begin PBXVariantGroup section */
		EF2FA75E29D30F420068046E /* Main.storyboard */ = {
			isa = PBXVariantGroup;
			children = (
				EF2FA75F29D30F420068046E /* Base */,
			);
			name = Main.storyboard;
			sourceTree = "<group>";
		};
		EF2FA76329D30F440068046E /* LaunchScreen.storyboard */ = {
			isa = PBXVariantGroup;
			children = (
				EF2FA76429D30F440068046E /* Base */,
			);
			name = LaunchScreen.storyboard;
			sourceTree = "<group>";
		};
/* End PBXVariantGroup section */

/* Begin XCBuildConfiguration section */
		EF2FA76729D30F440068046E /* Debug */ = {
			isa = XCBuildConfiguration;
			buildSettings = {
				ALWAYS_SEARCH_USER_PATHS = NO;
				CLANG_ANALYZER_NONNULL = YES;
				CLANG_ANALYZER_NUMBER_OBJECT_CONVERSION = YES_AGGRESSIVE;
				CLANG_CXX_LANGUAGE_STANDARD = "gnu++20";
				CLANG_ENABLE_MODULES = YES;
				CLANG_ENABLE_OBJC_ARC = YES;
				CLANG_ENABLE_OBJC_WEAK = YES;
				CLANG_WARN_BLOCK_CAPTURE_AUTORELEASING = YES;
				CLANG_WARN_BOOL_CONVERSION = YES;
				CLANG_WARN_COMMA = YES;
				CLANG_WARN_CONSTANT_CONVERSION = YES;
				CLANG_WARN_DEPRECATED_OBJC_IMPLEMENTATIONS = YES;
				CLANG_WARN_DIRECT_OBJC_ISA_USAGE = YES_ERROR;
				CLANG_WARN_DOCUMENTATION_COMMENTS = YES;
				CLANG_WARN_EMPTY_BODY = YES;
				CLANG_WARN_ENUM_CONVERSION = YES;
				CLANG_WARN_INFINITE_RECURSION = YES;
				CLANG_WARN_INT_CONVERSION = YES;
				CLANG_WARN_NON_LITERAL_NULL_CONVERSION = YES;
				CLANG_WARN_OBJC_IMPLICIT_RETAIN_SELF = YES;
				CLANG_WARN_OBJC_LITERAL_CONVERSION = YES;
				CLANG_WARN_OBJC_ROOT_CLASS = YES_ERROR;
				CLANG_WARN_QUOTED_INCLUDE_IN_FRAMEWORK_HEADER = YES;
				CLANG_WARN_RANGE_LOOP_ANALYSIS = YES;
				CLANG_WARN_STRICT_PROTOTYPES = YES;
				CLANG_WARN_SUSPICIOUS_MOVE = YES;
				CLANG_WARN_UNGUARDED_AVAILABILITY = YES_AGGRESSIVE;
				CLANG_WARN_UNREACHABLE_CODE = YES;
				CLANG_WARN__DUPLICATE_METHOD_MATCH = YES;
				COPY_PHASE_STRIP = NO;
				DEBUG_INFORMATION_FORMAT = dwarf;
				ENABLE_STRICT_OBJC_MSGSEND = YES;
				ENABLE_TESTABILITY = YES;
				GCC_C_LANGUAGE_STANDARD = gnu11;
				GCC_DYNAMIC_NO_PIC = NO;
				GCC_NO_COMMON_BLOCKS = YES;
				GCC_OPTIMIZATION_LEVEL = 0;
				GCC_PREPROCESSOR_DEFINITIONS = (
					"DEBUG=1",
					"$(inherited)",
				);
				GCC_WARN_64_TO_32_BIT_CONVERSION = YES;
				GCC_WARN_ABOUT_RETURN_TYPE = YES_ERROR;
				GCC_WARN_UNDECLARED_SELECTOR = YES;
				GCC_WARN_UNINITIALIZED_AUTOS = YES_AGGRESSIVE;
				GCC_WARN_UNUSED_FUNCTION = YES;
				GCC_WARN_UNUSED_VARIABLE = YES;
				IPHONEOS_DEPLOYMENT_TARGET = 16.2;
				MTL_ENABLE_DEBUG_INFO = INCLUDE_SOURCE;
				MTL_FAST_MATH = YES;
				ONLY_ACTIVE_ARCH = YES;
				SDKROOT = iphoneos;
				SWIFT_ACTIVE_COMPILATION_CONDITIONS = DEBUG;
				SWIFT_OPTIMIZATION_LEVEL = "-Onone";
			};
			name = Debug;
		};
		EF2FA76829D30F440068046E /* Release */ = {
			isa = XCBuildConfiguration;
			buildSettings = {
				ALWAYS_SEARCH_USER_PATHS = NO;
				CLANG_ANALYZER_NONNULL = YES;
				CLANG_ANALYZER_NUMBER_OBJECT_CONVERSION = YES_AGGRESSIVE;
				CLANG_CXX_LANGUAGE_STANDARD = "gnu++20";
				CLANG_ENABLE_MODULES = YES;
				CLANG_ENABLE_OBJC_ARC = YES;
				CLANG_ENABLE_OBJC_WEAK = YES;
				CLANG_WARN_BLOCK_CAPTURE_AUTORELEASING = YES;
				CLANG_WARN_BOOL_CONVERSION = YES;
				CLANG_WARN_COMMA = YES;
				CLANG_WARN_CONSTANT_CONVERSION = YES;
				CLANG_WARN_DEPRECATED_OBJC_IMPLEMENTATIONS = YES;
				CLANG_WARN_DIRECT_OBJC_ISA_USAGE = YES_ERROR;
				CLANG_WARN_DOCUMENTATION_COMMENTS = YES;
				CLANG_WARN_EMPTY_BODY = YES;
				CLANG_WARN_ENUM_CONVERSION = YES;
				CLANG_WARN_INFINITE_RECURSION = YES;
				CLANG_WARN_INT_CONVERSION = YES;
				CLANG_WARN_NON_LITERAL_NULL_CONVERSION = YES;
				CLANG_WARN_OBJC_IMPLICIT_RETAIN_SELF = YES;
				CLANG_WARN_OBJC_LITERAL_CONVERSION = YES;
				CLANG_WARN_OBJC_ROOT_CLASS = YES_ERROR;
				CLANG_WARN_QUOTED_INCLUDE_IN_FRAMEWORK_HEADER = YES;
				CLANG_WARN_RANGE_LOOP_ANALYSIS = YES;
				CLANG_WARN_STRICT_PROTOTYPES = YES;
				CLANG_WARN_SUSPICIOUS_MOVE = YES;
				CLANG_WARN_UNGUARDED_AVAILABILITY = YES_AGGRESSIVE;
				CLANG_WARN_UNREACHABLE_CODE = YES;
				CLANG_WARN__DUPLICATE_METHOD_MATCH = YES;
				COPY_PHASE_STRIP = NO;
				DEBUG_INFORMATION_FORMAT = "dwarf-with-dsym";
				ENABLE_NS_ASSERTIONS = NO;
				ENABLE_STRICT_OBJC_MSGSEND = YES;
				GCC_C_LANGUAGE_STANDARD = gnu11;
				GCC_NO_COMMON_BLOCKS = YES;
				GCC_WARN_64_TO_32_BIT_CONVERSION = YES;
				GCC_WARN_ABOUT_RETURN_TYPE = YES_ERROR;
				GCC_WARN_UNDECLARED_SELECTOR = YES;
				GCC_WARN_UNINITIALIZED_AUTOS = YES_AGGRESSIVE;
				GCC_WARN_UNUSED_FUNCTION = YES;
				GCC_WARN_UNUSED_VARIABLE = YES;
				IPHONEOS_DEPLOYMENT_TARGET = 16.2;
				MTL_ENABLE_DEBUG_INFO = NO;
				MTL_FAST_MATH = YES;
				SDKROOT = iphoneos;
				SWIFT_COMPILATION_MODE = wholemodule;
				SWIFT_OPTIMIZATION_LEVEL = "-O";
				VALIDATE_PRODUCT = YES;
			};
			name = Release;
		};
		EF2FA76A29D30F440068046E /* Debug */ = {
			isa = XCBuildConfiguration;
			buildSettings = {
				ASSETCATALOG_COMPILER_APPICON_NAME = AppIcon;
				ASSETCATALOG_COMPILER_GLOBAL_ACCENT_COLOR_NAME = AccentColor;
				CODE_SIGN_ENTITLEMENTS = NFCSample/NFCSample.entitlements;
				CODE_SIGN_STYLE = Automatic;
				CURRENT_PROJECT_VERSION = 1;
				DEVELOPMENT_TEAM = FL4QTRRKMD;
				GENERATE_INFOPLIST_FILE = YES;
				INFOPLIST_FILE = NFCSample/Info.plist;
				INFOPLIST_KEY_UIApplicationSupportsIndirectInputEvents = YES;
				INFOPLIST_KEY_UILaunchStoryboardName = LaunchScreen;
				INFOPLIST_KEY_UIMainStoryboardFile = Main;
				INFOPLIST_KEY_UISupportedInterfaceOrientations_iPad = "UIInterfaceOrientationPortrait UIInterfaceOrientationPortraitUpsideDown UIInterfaceOrientationLandscapeLeft UIInterfaceOrientationLandscapeRight";
				INFOPLIST_KEY_UISupportedInterfaceOrientations_iPhone = "UIInterfaceOrientationPortrait UIInterfaceOrientationLandscapeLeft UIInterfaceOrientationLandscapeRight";
				IPHONEOS_DEPLOYMENT_TARGET = 16.0;
				LD_RUNPATH_SEARCH_PATHS = (
					"$(inherited)",
					"@executable_path/Frameworks",
				);
				MARKETING_VERSION = 1.0;
				PRODUCT_BUNDLE_IDENTIFIER = com.Rx.NFCSample;
				PRODUCT_NAME = "$(TARGET_NAME)";
				SWIFT_EMIT_LOC_STRINGS = YES;
				SWIFT_VERSION = 5.0;
				TARGETED_DEVICE_FAMILY = "1,2";
			};
			name = Debug;
		};
		EF2FA76B29D30F440068046E /* Release */ = {
			isa = XCBuildConfiguration;
			buildSettings = {
				ASSETCATALOG_COMPILER_APPICON_NAME = AppIcon;
				ASSETCATALOG_COMPILER_GLOBAL_ACCENT_COLOR_NAME = AccentColor;
				CODE_SIGN_ENTITLEMENTS = NFCSample/NFCSample.entitlements;
				CODE_SIGN_STYLE = Automatic;
				CURRENT_PROJECT_VERSION = 1;
				DEVELOPMENT_TEAM = FL4QTRRKMD;
				GENERATE_INFOPLIST_FILE = YES;
				INFOPLIST_FILE = NFCSample/Info.plist;
				INFOPLIST_KEY_UIApplicationSupportsIndirectInputEvents = YES;
				INFOPLIST_KEY_UILaunchStoryboardName = LaunchScreen;
				INFOPLIST_KEY_UIMainStoryboardFile = Main;
				INFOPLIST_KEY_UISupportedInterfaceOrientations_iPad = "UIInterfaceOrientationPortrait UIInterfaceOrientationPortraitUpsideDown UIInterfaceOrientationLandscapeLeft UIInterfaceOrientationLandscapeRight";
				INFOPLIST_KEY_UISupportedInterfaceOrientations_iPhone = "UIInterfaceOrientationPortrait UIInterfaceOrientationLandscapeLeft UIInterfaceOrientationLandscapeRight";
				IPHONEOS_DEPLOYMENT_TARGET = 16.0;
				LD_RUNPATH_SEARCH_PATHS = (
					"$(inherited)",
					"@executable_path/Frameworks",
				);
				MARKETING_VERSION = 1.0;
				PRODUCT_BUNDLE_IDENTIFIER = com.Rx.NFCSample;
				PRODUCT_NAME = "$(TARGET_NAME)";
				SWIFT_EMIT_LOC_STRINGS = YES;
				SWIFT_VERSION = 5.0;
				TARGETED_DEVICE_FAMILY = "1,2";
			};
			name = Release;
		};
/* End XCBuildConfiguration section */

/* Begin XCConfigurationList section */
		EF2FA75029D30F420068046E /* Build configuration list for PBXProject "NFCSample" */ = {
			isa = XCConfigurationList;
			buildConfigurations = (
				EF2FA76729D30F440068046E /* Debug */,
				EF2FA76829D30F440068046E /* Release */,
			);
			defaultConfigurationIsVisible = 0;
			defaultConfigurationName = Release;
		};
		EF2FA76929D30F440068046E /* Build configuration list for PBXNativeTarget "NFCSample" */ = {
			isa = XCConfigurationList;
			buildConfigurations = (
				EF2FA76A29D30F440068046E /* Debug */,
				EF2FA76B29D30F440068046E /* Release */,
			);
			defaultConfigurationIsVisible = 0;
			defaultConfigurationName = Release;
		};
/* End XCConfigurationList section */
	};
	rootObject = EF2FA74D29D30F420068046E /* Project object */;
}
